// !$*UTF8*$!
{
	archiveVersion = 1;
	classes = {
	};
	objectVersion = 46;
	objects = {

/* Begin PBXBuildFile section */
		6956E3E915C5EFA5002E5FA2 /* LLClockView.m in Sources */ = {isa = PBXBuildFile; fileRef = 6956E3E815C5EFA5002E5FA2 /* LLClockView.m */; };
		6956E3EC15C78228002E5FA2 /* LLClockBigHand.m in Sources */ = {isa = PBXBuildFile; fileRef = 6956E3EB15C78228002E5FA2 /* LLClockBigHand.m */; };
		69882AF115A40B0F00D4E013 /* CarmaSignInViewController.m in Sources */ = {isa = PBXBuildFile; fileRef = 69882AF015A40B0F00D4E013 /* CarmaSignInViewController.m */; };
		69882AFC15A427F400D4E013 /* NSString+MD5.m in Sources */ = {isa = PBXBuildFile; fileRef = 69882AFB15A427F400D4E013 /* NSString+MD5.m */; };
		69882AFE15A4372C00D4E013 /* nav_bar_clear@2x.png in Resources */ = {isa = PBXBuildFile; fileRef = 69882AFD15A4372C00D4E013 /* nav_bar_clear@2x.png */; };
		69882B0015A4380300D4E013 /* modal_background@2x.png in Resources */ = {isa = PBXBuildFile; fileRef = 69882AFF15A4380300D4E013 /* modal_background@2x.png */; };
		69882B0215A43C6100D4E013 /* carma_recessed@2x.png in Resources */ = {isa = PBXBuildFile; fileRef = 69882B0115A43C6100D4E013 /* carma_recessed@2x.png */; };
		69882B0415A4491100D4E013 /* nav_bar_green@2x.png in Resources */ = {isa = PBXBuildFile; fileRef = 69882B0315A4491100D4E013 /* nav_bar_green@2x.png */; };
		69882B0815A4B85800D4E013 /* CarmaSignUpViewController.m in Sources */ = {isa = PBXBuildFile; fileRef = 69882B0715A4B85800D4E013 /* CarmaSignUpViewController.m */; };
		69882B1115A4BF2E00D4E013 /* CarmaProfileBasicViewController.m in Sources */ = {isa = PBXBuildFile; fileRef = 69882B1015A4BF2E00D4E013 /* CarmaProfileBasicViewController.m */; };
		69882B1415A55F6800D4E013 /* CarmaProfileLocationViewController.m in Sources */ = {isa = PBXBuildFile; fileRef = 69882B1315A55F6800D4E013 /* CarmaProfileLocationViewController.m */; };
		698FADA9157F169000AF3570 /* CarmaCalendarDayRolesViewController.m in Sources */ = {isa = PBXBuildFile; fileRef = 698FADA8157F169000AF3570 /* CarmaCalendarDayRolesViewController.m */; settings = {COMPILER_FLAGS = "-fno-objc-arc"; }; };
		698FADAD15805F8100AF3570 /* CarmaCalendarDayRoleCell.m in Sources */ = {isa = PBXBuildFile; fileRef = 698FADAC15805F8100AF3570 /* CarmaCalendarDayRoleCell.m */; settings = {COMPILER_FLAGS = "-fno-objc-arc"; }; };
		698FADB81581AE0D00AF3570 /* CarmaDriverLocationAnnotation.m in Sources */ = {isa = PBXBuildFile; fileRef = 698FADB71581AE0D00AF3570 /* CarmaDriverLocationAnnotation.m */; };
		698FADC21581C66800AF3570 /* AddressBook.framework in Frameworks */ = {isa = PBXBuildFile; fileRef = 698FADC11581C66800AF3570 /* AddressBook.framework */; };
		6991C4B915B3B37A00403730 /* CarmaPoolRotationSettingsViewController.m in Sources */ = {isa = PBXBuildFile; fileRef = 6991C4B815B3B37A00403730 /* CarmaPoolRotationSettingsViewController.m */; };
		6991C4BC15B3CBAC00403730 /* blueprint_background@2x.png in Resources */ = {isa = PBXBuildFile; fileRef = 6991C4BB15B3CBAC00403730 /* blueprint_background@2x.png */; };
		6991C4BE15B3D67F00403730 /* shuffle_icon@2x.png in Resources */ = {isa = PBXBuildFile; fileRef = 6991C4BD15B3D67F00403730 /* shuffle_icon@2x.png */; };
		6991C4C015B5154400403730 /* gingham_background@2x.png in Resources */ = {isa = PBXBuildFile; fileRef = 6991C4BF15B5154400403730 /* gingham_background@2x.png */; };
		6991C4C215B5168300403730 /* gingham_background_dark@2x.png in Resources */ = {isa = PBXBuildFile; fileRef = 6991C4C115B5168300403730 /* gingham_background_dark@2x.png */; };
		6991C4C615B520A600403730 /* power_button_icon@2x.png in Resources */ = {isa = PBXBuildFile; fileRef = 6991C4C515B520A600403730 /* power_button_icon@2x.png */; };
		6991C4C815B670D600403730 /* gear_button_icon@2x.png in Resources */ = {isa = PBXBuildFile; fileRef = 6991C4C715B670D600403730 /* gear_button_icon@2x.png */; };
		6991C4CA15B6719B00403730 /* user_button_icon@2x.png in Resources */ = {isa = PBXBuildFile; fileRef = 6991C4C915B6719B00403730 /* user_button_icon@2x.png */; };
		6991C4CE15B6729C00403730 /* dashboard_button_icon@2x.png in Resources */ = {isa = PBXBuildFile; fileRef = 6991C4CB15B6729C00403730 /* dashboard_button_icon@2x.png */; };
		6991C4CF15B6729C00403730 /* path_button_icon@2x.png in Resources */ = {isa = PBXBuildFile; fileRef = 6991C4CC15B6729C00403730 /* path_button_icon@2x.png */; };
		6991C4D015B6729C00403730 /* search_button_icon@2x.png in Resources */ = {isa = PBXBuildFile; fileRef = 6991C4CD15B6729C00403730 /* search_button_icon@2x.png */; };
		6991C4D215B675AB00403730 /* blueprint_background_dark@2x.png in Resources */ = {isa = PBXBuildFile; fileRef = 6991C4D115B675AB00403730 /* blueprint_background_dark@2x.png */; };
		6991C4D415B679AE00403730 /* blueprint_background_normal@2x.png in Resources */ = {isa = PBXBuildFile; fileRef = 6991C4D315B679AE00403730 /* blueprint_background_normal@2x.png */; };
		6991C4D615B79F1900403730 /* smooth_background_dark@2x.png in Resources */ = {isa = PBXBuildFile; fileRef = 6991C4D515B79F1900403730 /* smooth_background_dark@2x.png */; };
		6991C4D815B79FEE00403730 /* smooth_background_light@2x.png in Resources */ = {isa = PBXBuildFile; fileRef = 6991C4D715B79FEE00403730 /* smooth_background_light@2x.png */; };
		6991C4DB15B7AF5B00403730 /* CarmaProfilePhotoViewController.m in Sources */ = {isa = PBXBuildFile; fileRef = 6991C4DA15B7AF5A00403730 /* CarmaProfilePhotoViewController.m */; };
		6991C4DD15B7B1E800403730 /* id_icon@2x.png in Resources */ = {isa = PBXBuildFile; fileRef = 6991C4DC15B7B1E800403730 /* id_icon@2x.png */; };
		6991C4DF15B7BDB100403730 /* smooth_background_normal@2x.png in Resources */ = {isa = PBXBuildFile; fileRef = 6991C4DE15B7BDB100403730 /* smooth_background_normal@2x.png */; };
		6991C4E115B7C00700403730 /* id_icon_highlighted@2x.png in Resources */ = {isa = PBXBuildFile; fileRef = 6991C4E015B7C00700403730 /* id_icon_highlighted@2x.png */; };
		6991C4EB15B8EB1400403730 /* blueprint_background_verylight@2x.png in Resources */ = {isa = PBXBuildFile; fileRef = 6991C4EA15B8EB1400403730 /* blueprint_background_verylight@2x.png */; };
		6991C4ED15B8F1E600403730 /* home_button@2x.png in Resources */ = {isa = PBXBuildFile; fileRef = 6991C4EC15B8F1E600403730 /* home_button@2x.png */; };
		6991C4EF15B902DD00403730 /* sun_icon@2x.png in Resources */ = {isa = PBXBuildFile; fileRef = 6991C4EE15B902DD00403730 /* sun_icon@2x.png */; };
		6991C4F315B9039400403730 /* moon_icon@2x.png in Resources */ = {isa = PBXBuildFile; fileRef = 6991C4F015B9039300403730 /* moon_icon@2x.png */; };
		6991C4F415B9039400403730 /* wheel_icon@2x.png in Resources */ = {isa = PBXBuildFile; fileRef = 6991C4F115B9039400403730 /* wheel_icon@2x.png */; };
		6991C4F515B9039400403730 /* work_icon@2x.png in Resources */ = {isa = PBXBuildFile; fileRef = 6991C4F215B9039400403730 /* work_icon@2x.png */; };
		6991C4FA15B905CF00403730 /* moon_button@2x.png in Resources */ = {isa = PBXBuildFile; fileRef = 6991C4F615B905CE00403730 /* moon_button@2x.png */; };
		6991C4FB15B905CF00403730 /* sun_button@2x.png in Resources */ = {isa = PBXBuildFile; fileRef = 6991C4F715B905CE00403730 /* sun_button@2x.png */; };
		6991C4FC15B905CF00403730 /* wheel_button@2x.png in Resources */ = {isa = PBXBuildFile; fileRef = 6991C4F815B905CE00403730 /* wheel_button@2x.png */; };
		6991C4FD15B905CF00403730 /* work_button@2x.png in Resources */ = {isa = PBXBuildFile; fileRef = 6991C4F915B905CF00403730 /* work_button@2x.png */; };
		6991C4FF15BA502F00403730 /* edit_button@2x.png in Resources */ = {isa = PBXBuildFile; fileRef = 6991C4FE15BA502F00403730 /* edit_button@2x.png */; };
		6991C50115BA576100403730 /* smooth_background_white@2x.png in Resources */ = {isa = PBXBuildFile; fileRef = 6991C50015BA576100403730 /* smooth_background_white@2x.png */; };
		6991C50415BE4B3E00403730 /* CarmaProfileEditViewController.m in Sources */ = {isa = PBXBuildFile; fileRef = 6991C50315BE4B3D00403730 /* CarmaProfileEditViewController.m */; };
		69936BEA1598251500CE08E5 /* divet_bottom@2x.png in Resources */ = {isa = PBXBuildFile; fileRef = 69936BE81598251500CE08E5 /* divet_bottom@2x.png */; };
		69936BEB1598251500CE08E5 /* divet_top@2x.png in Resources */ = {isa = PBXBuildFile; fileRef = 69936BE91598251500CE08E5 /* divet_top@2x.png */; };
		699467EF15CE187700F0F523 /* LLClockLittleHand.m in Sources */ = {isa = PBXBuildFile; fileRef = 699467EE15CE187700F0F523 /* LLClockLittleHand.m */; };
		699467F315CE1ADB00F0F523 /* CarmaProfileTimeViewController.m in Sources */ = {isa = PBXBuildFile; fileRef = 699467F215CE1ADB00F0F523 /* CarmaProfileTimeViewController.m */; };
		699467F715CF76E900F0F523 /* LLClockFace@2x.png in Resources */ = {isa = PBXBuildFile; fileRef = 699467F615CF76E900F0F523 /* LLClockFace@2x.png */; };
		69A1A9B415695775005C90FF /* UIKit.framework in Frameworks */ = {isa = PBXBuildFile; fileRef = 69A1A9B315695775005C90FF /* UIKit.framework */; };
		69A1A9B615695775005C90FF /* Foundation.framework in Frameworks */ = {isa = PBXBuildFile; fileRef = 69A1A9B515695775005C90FF /* Foundation.framework */; };
		69A1A9B815695775005C90FF /* CoreGraphics.framework in Frameworks */ = {isa = PBXBuildFile; fileRef = 69A1A9B715695775005C90FF /* CoreGraphics.framework */; };
		69A1A9BE15695775005C90FF /* InfoPlist.strings in Resources */ = {isa = PBXBuildFile; fileRef = 69A1A9BC15695775005C90FF /* InfoPlist.strings */; };
		69A1A9C015695775005C90FF /* main.m in Sources */ = {isa = PBXBuildFile; fileRef = 69A1A9BF15695775005C90FF /* main.m */; settings = {COMPILER_FLAGS = "-fno-objc-arc"; }; };
		69A1A9C415695775005C90FF /* AppDelegate.m in Sources */ = {isa = PBXBuildFile; fileRef = 69A1A9C315695775005C90FF /* AppDelegate.m */; settings = {COMPILER_FLAGS = "-fno-objc-arc"; }; };
		69A1A9D41569597A005C90FF /* CACalendarViewController.m in Sources */ = {isa = PBXBuildFile; fileRef = 69A1A9D31569597A005C90FF /* CACalendarViewController.m */; settings = {COMPILER_FLAGS = "-fno-objc-arc"; }; };
		69B3DAD315A6470B00420285 /* CarmaSearchViewController.m in Sources */ = {isa = PBXBuildFile; fileRef = 69B3DAD215A6470B00420285 /* CarmaSearchViewController.m */; };
		69B3DAD715A6868000420285 /* CarmaUserViewController.m in Sources */ = {isa = PBXBuildFile; fileRef = 69B3DAD615A6868000420285 /* CarmaUserViewController.m */; };
		69B3DADA15A6891400420285 /* CarmaUserProfileCell.m in Sources */ = {isa = PBXBuildFile; fileRef = 69B3DAD915A6891400420285 /* CarmaUserProfileCell.m */; };
		69B3DADC15A6BA0200420285 /* home_icon.png in Resources */ = {isa = PBXBuildFile; fileRef = 69B3DADB15A6BA0200420285 /* home_icon.png */; };
		69B3DADF15A6C28400420285 /* home_icon@2x.png in Resources */ = {isa = PBXBuildFile; fileRef = 69B3DADD15A6C28300420285 /* home_icon@2x.png */; };
		69B3DAE815A6CA2900420285 /* profile_icon@2x.png in Resources */ = {isa = PBXBuildFile; fileRef = 69B3DAE715A6CA2900420285 /* profile_icon@2x.png */; };
		69B3DAEE15A9323300420285 /* CarmaPool.m in Sources */ = {isa = PBXBuildFile; fileRef = 69B3DAED15A9323300420285 /* CarmaPool.m */; };
		69B3DAF015A97A7600420285 /* dashboard_icon@2x.png in Resources */ = {isa = PBXBuildFile; fileRef = 69B3DAEF15A97A7600420285 /* dashboard_icon@2x.png */; };
		69B3DAF215A97B9800420285 /* path_icon@2x.png in Resources */ = {isa = PBXBuildFile; fileRef = 69B3DAF115A97B9700420285 /* path_icon@2x.png */; };
		69B3DAF415A97BF300420285 /* search_icon@2x.png in Resources */ = {isa = PBXBuildFile; fileRef = 69B3DAF315A97BF300420285 /* search_icon@2x.png */; };
		69B3DAF615A97C6E00420285 /* power_icon@2x.png in Resources */ = {isa = PBXBuildFile; fileRef = 69B3DAF515A97C6E00420285 /* power_icon@2x.png */; };
		69B3DAF815A97D0300420285 /* user_icon@2x.png in Resources */ = {isa = PBXBuildFile; fileRef = 69B3DAF715A97D0300420285 /* user_icon@2x.png */; };
		69B3DB0C15AA093F00420285 /* QuartzCore.framework in Frameworks */ = {isa = PBXBuildFile; fileRef = 69B3DB0B15AA093E00420285 /* QuartzCore.framework */; };
		69B3DB1715AA1B3900420285 /* LocationAnnotation.m in Sources */ = {isa = PBXBuildFile; fileRef = 69882B1C15A5781A00D4E013 /* LocationAnnotation.m */; };
		69B3DB1B15AA6C8200420285 /* mini_profile@2x.png in Resources */ = {isa = PBXBuildFile; fileRef = 69B3DB1A15AA6C8200420285 /* mini_profile@2x.png */; };
		69B3DB1E15AA6EBE00420285 /* CarmaSettingsViewController.m in Sources */ = {isa = PBXBuildFile; fileRef = 69B3DB1D15AA6EBD00420285 /* CarmaSettingsViewController.m */; };
		69B3DB2015AA723900420285 /* gear_icon@2x.png in Resources */ = {isa = PBXBuildFile; fileRef = 69B3DB1F15AA723900420285 /* gear_icon@2x.png */; };
		69B8E03C156960EF00DCA52B /* LLDataDownloader.m in Sources */ = {isa = PBXBuildFile; fileRef = 69B8E03A15695CCB00DCA52B /* LLDataDownloader.m */; settings = {COMPILER_FLAGS = "-fno-objc-arc"; }; };
		69B8E04B156961F000DCA52B /* NSObject+SBJSON.m in Sources */ = {isa = PBXBuildFile; fileRef = 69B8E0401569614700DCA52B /* NSObject+SBJSON.m */; settings = {COMPILER_FLAGS = "-fno-objc-arc"; }; };
		69B8E04C156961F000DCA52B /* NSString+SBJSON.m in Sources */ = {isa = PBXBuildFile; fileRef = 69B8E0421569614700DCA52B /* NSString+SBJSON.m */; settings = {COMPILER_FLAGS = "-fno-objc-arc"; }; };
		69B8E04D156961F000DCA52B /* SBJSON.m in Sources */ = {isa = PBXBuildFile; fileRef = 69B8E0441569614700DCA52B /* SBJSON.m */; settings = {COMPILER_FLAGS = "-fno-objc-arc"; }; };
		69B8E04E156961F000DCA52B /* SBJsonBase.m in Sources */ = {isa = PBXBuildFile; fileRef = 69B8E0461569614700DCA52B /* SBJsonBase.m */; settings = {COMPILER_FLAGS = "-fno-objc-arc"; }; };
		69B8E04F156961F000DCA52B /* SBJsonParser.m in Sources */ = {isa = PBXBuildFile; fileRef = 69B8E0481569614700DCA52B /* SBJsonParser.m */; settings = {COMPILER_FLAGS = "-fno-objc-arc"; }; };
		69B8E050156961F000DCA52B /* SBJsonWriter.m in Sources */ = {isa = PBXBuildFile; fileRef = 69B8E04A1569614700DCA52B /* SBJsonWriter.m */; settings = {COMPILER_FLAGS = "-fno-objc-arc"; }; };
		69B8E056156964CC00DCA52B /* CarmaDay.m in Sources */ = {isa = PBXBuildFile; fileRef = 69B8E055156964CC00DCA52B /* CarmaDay.m */; settings = {COMPILER_FLAGS = "-fno-objc-arc"; }; };
		69B8E0621569843A00DCA52B /* CarmaCalendarDayCellCell.m in Sources */ = {isa = PBXBuildFile; fileRef = 69B8E0611569843A00DCA52B /* CarmaCalendarDayCellCell.m */; settings = {COMPILER_FLAGS = "-fno-objc-arc"; }; };
		69B8E0671569DAF300DCA52B /* user_placeholder@2x.png in Resources */ = {isa = PBXBuildFile; fileRef = 69B8E0661569DAF300DCA52B /* user_placeholder@2x.png */; };
		69B8E06A1569EA1200DCA52B /* CarmaDriver.m in Sources */ = {isa = PBXBuildFile; fileRef = 69B8E0691569EA1200DCA52B /* CarmaDriver.m */; settings = {COMPILER_FLAGS = "-fno-objc-arc"; }; };
		69B8E06C156A0A9C00DCA52B /* day_off@2x.png in Resources */ = {isa = PBXBuildFile; fileRef = 69B8E06B156A0A9C00DCA52B /* day_off@2x.png */; };
		69B8E06F156B3EB900DCA52B /* CarmaCalendarViewController.m in Sources */ = {isa = PBXBuildFile; fileRef = 69B8E06E156B3EB900DCA52B /* CarmaCalendarViewController.m */; settings = {COMPILER_FLAGS = "-fno-objc-arc"; }; };
		69B8E07A156B510600DCA52B /* CarmaCalendarDayView.m in Sources */ = {isa = PBXBuildFile; fileRef = 69B8E079156B510600DCA52B /* CarmaCalendarDayView.m */; settings = {COMPILER_FLAGS = "-fno-objc-arc"; }; };
		69B8E07F156B669700DCA52B /* CarmaCalendarDayView.xib in Resources */ = {isa = PBXBuildFile; fileRef = 69B8E07E156B669600DCA52B /* CarmaCalendarDayView.xib */; };
		69B8E086156CA0E900DCA52B /* carma_logo_selected.png in Resources */ = {isa = PBXBuildFile; fileRef = 69B8E085156CA0E900DCA52B /* carma_logo_selected.png */; };
		69B8E088156CBBE700DCA52B /* nav_bar_title@2x.png in Resources */ = {isa = PBXBuildFile; fileRef = 69B8E087156CBBE700DCA52B /* nav_bar_title@2x.png */; };
		69B8E08A156CC06C00DCA52B /* carma_title@2x.png in Resources */ = {isa = PBXBuildFile; fileRef = 69B8E089156CC06C00DCA52B /* carma_title@2x.png */; };
		69B8E08C156CC1FB00DCA52B /* today_icon@2x.png in Resources */ = {isa = PBXBuildFile; fileRef = 69B8E08B156CC1FB00DCA52B /* today_icon@2x.png */; };
		69B8E08E156DF22600DCA52B /* nav_button@2x.png in Resources */ = {isa = PBXBuildFile; fileRef = 69B8E08D156DF22600DCA52B /* nav_button@2x.png */; };
		69B8E092156DF7BB00DCA52B /* nav_button_pressed@2x.png in Resources */ = {isa = PBXBuildFile; fileRef = 69B8E091156DF7BA00DCA52B /* nav_button_pressed@2x.png */; };
		69B8E094156E0AE200DCA52B /* MapKit.framework in Frameworks */ = {isa = PBXBuildFile; fileRef = 69B8E093156E0AE200DCA52B /* MapKit.framework */; };
		69BC2F9A15A60B960025A571 /* CarmaNavigationViewController.m in Sources */ = {isa = PBXBuildFile; fileRef = 69BC2F9915A60B960025A571 /* CarmaNavigationViewController.m */; };
		69C63829156E0D6800702E4D /* CoreLocation.framework in Frameworks */ = {isa = PBXBuildFile; fileRef = 69C63828156E0D6800702E4D /* CoreLocation.framework */; };
		69C6382C156E101A00702E4D /* nav_button_clear@2x.png in Resources */ = {isa = PBXBuildFile; fileRef = 69C6382B156E101A00702E4D /* nav_button_clear@2x.png */; };
		69C6382E156E1B8600702E4D /* grip@2x.png in Resources */ = {isa = PBXBuildFile; fileRef = 69C6382D156E1B8600702E4D /* grip@2x.png */; };
		69C63831156E20A400702E4D /* LLSwipePanel.m in Sources */ = {isa = PBXBuildFile; fileRef = 69C63830156E20A400702E4D /* LLSwipePanel.m */; settings = {COMPILER_FLAGS = "-fno-objc-arc"; }; };
		69C63834156F4A3300702E4D /* CarmaCalendarView.m in Sources */ = {isa = PBXBuildFile; fileRef = 69C63833156F4A3300702E4D /* CarmaCalendarView.m */; settings = {COMPILER_FLAGS = "-fno-objc-arc"; }; };
		69C63836156F5B0E00702E4D /* upper_bar_shadow@2x.png in Resources */ = {isa = PBXBuildFile; fileRef = 69C63835156F5B0E00702E4D /* upper_bar_shadow@2x.png */; };
		69C63839156F647300702E4D /* CarmaMapView.m in Sources */ = {isa = PBXBuildFile; fileRef = 69C63838156F647300702E4D /* CarmaMapView.m */; settings = {COMPILER_FLAGS = "-fno-objc-arc"; }; };
		69C6383E15714ECF00702E4D /* CarmaRootViewController.m in Sources */ = {isa = PBXBuildFile; fileRef = 69C6383D15714ECF00702E4D /* CarmaRootViewController.m */; settings = {COMPILER_FLAGS = "-fno-objc-arc"; }; };
		69C638401571755D00702E4D /* nav_bar@2x.png in Resources */ = {isa = PBXBuildFile; fileRef = 69C6383F1571755D00702E4D /* nav_bar@2x.png */; };
		69C63842157183C100702E4D /* list_icon@2x.png in Resources */ = {isa = PBXBuildFile; fileRef = 69C63841157183C100702E4D /* list_icon@2x.png */; };
		69C638451571973300702E4D /* CarmaCalendarDayCell.m in Sources */ = {isa = PBXBuildFile; fileRef = 69C638441571973300702E4D /* CarmaCalendarDayCell.m */; settings = {COMPILER_FLAGS = "-fno-objc-arc"; }; };
		69C6384715719AD900702E4D /* CarmaCalendarDayCell.xib in Resources */ = {isa = PBXBuildFile; fileRef = 69C6384615719AD900702E4D /* CarmaCalendarDayCell.xib */; };
		69C6384C157201AC00702E4D /* left_panel_shadow@2x.png in Resources */ = {isa = PBXBuildFile; fileRef = 69C6384B157201AC00702E4D /* left_panel_shadow@2x.png */; };
		69C6384E1572021A00702E4D /* right_panel_shadow@2x.png in Resources */ = {isa = PBXBuildFile; fileRef = 69C6384D1572021A00702E4D /* right_panel_shadow@2x.png */; };
		69C638551572B27E00702E4D /* CarmaCalendarDayDetailViewController.m in Sources */ = {isa = PBXBuildFile; fileRef = 69C638541572B27E00702E4D /* CarmaCalendarDayDetailViewController.m */; settings = {COMPILER_FLAGS = "-fno-objc-arc"; }; };
		69C638571573F27500702E4D /* nav_button_back@2x.png in Resources */ = {isa = PBXBuildFile; fileRef = 69C638561573F27500702E4D /* nav_button_back@2x.png */; };
		69C638591573FE2E00702E4D /* nav_button_back_pressed@2x.png in Resources */ = {isa = PBXBuildFile; fileRef = 69C638581573FE2D00702E4D /* nav_button_back_pressed@2x.png */; };
		69C6385D15749DCA00702E4D /* icon@2x.png in Resources */ = {isa = PBXBuildFile; fileRef = 69C6385C15749DC900702E4D /* icon@2x.png */; };
		69C6385F15749EF000702E4D /* icon.png in Resources */ = {isa = PBXBuildFile; fileRef = 69C6385E15749EF000702E4D /* icon.png */; };
/* End PBXBuildFile section */

/* Begin PBXFileReference section */
		69383973159560A400A21CC5 /* ASIAuthenticationDialog.h */ = {isa = PBXFileReference; lastKnownFileType = sourcecode.c.h; path = ASIAuthenticationDialog.h; sourceTree = "<group>"; };
		69383974159560A400A21CC5 /* ASIAuthenticationDialog.m */ = {isa = PBXFileReference; lastKnownFileType = sourcecode.c.objc; path = ASIAuthenticationDialog.m; sourceTree = "<group>"; };
		69383975159560A400A21CC5 /* ASICacheDelegate.h */ = {isa = PBXFileReference; lastKnownFileType = sourcecode.c.h; path = ASICacheDelegate.h; sourceTree = "<group>"; };
		69383976159560A400A21CC5 /* ASIDataCompressor.h */ = {isa = PBXFileReference; lastKnownFileType = sourcecode.c.h; path = ASIDataCompressor.h; sourceTree = "<group>"; };
		69383977159560A400A21CC5 /* ASIDataCompressor.m */ = {isa = PBXFileReference; lastKnownFileType = sourcecode.c.objc; path = ASIDataCompressor.m; sourceTree = "<group>"; };
		69383978159560A400A21CC5 /* ASIDataDecompressor.h */ = {isa = PBXFileReference; lastKnownFileType = sourcecode.c.h; path = ASIDataDecompressor.h; sourceTree = "<group>"; };
		69383979159560A400A21CC5 /* ASIDataDecompressor.m */ = {isa = PBXFileReference; lastKnownFileType = sourcecode.c.objc; path = ASIDataDecompressor.m; sourceTree = "<group>"; };
		6938397A159560A400A21CC5 /* ASIDownloadCache.h */ = {isa = PBXFileReference; lastKnownFileType = sourcecode.c.h; path = ASIDownloadCache.h; sourceTree = "<group>"; };
		6938397B159560A400A21CC5 /* ASIDownloadCache.m */ = {isa = PBXFileReference; lastKnownFileType = sourcecode.c.objc; path = ASIDownloadCache.m; sourceTree = "<group>"; };
		6938397C159560A400A21CC5 /* ASIFormDataRequest.h */ = {isa = PBXFileReference; lastKnownFileType = sourcecode.c.h; path = ASIFormDataRequest.h; sourceTree = "<group>"; };
		6938397D159560A400A21CC5 /* ASIFormDataRequest.m */ = {isa = PBXFileReference; lastKnownFileType = sourcecode.c.objc; path = ASIFormDataRequest.m; sourceTree = "<group>"; };
		6938397E159560A400A21CC5 /* ASIHTTPRequest.h */ = {isa = PBXFileReference; lastKnownFileType = sourcecode.c.h; path = ASIHTTPRequest.h; sourceTree = "<group>"; };
		6938397F159560A400A21CC5 /* ASIHTTPRequest.m */ = {isa = PBXFileReference; lastKnownFileType = sourcecode.c.objc; path = ASIHTTPRequest.m; sourceTree = "<group>"; };
		69383980159560A400A21CC5 /* ASIHTTPRequestConfig.h */ = {isa = PBXFileReference; lastKnownFileType = sourcecode.c.h; path = ASIHTTPRequestConfig.h; sourceTree = "<group>"; };
		69383981159560A400A21CC5 /* ASIHTTPRequestDelegate.h */ = {isa = PBXFileReference; lastKnownFileType = sourcecode.c.h; path = ASIHTTPRequestDelegate.h; sourceTree = "<group>"; };
		69383982159560A400A21CC5 /* ASIInputStream.h */ = {isa = PBXFileReference; lastKnownFileType = sourcecode.c.h; path = ASIInputStream.h; sourceTree = "<group>"; };
		69383983159560A400A21CC5 /* ASIInputStream.m */ = {isa = PBXFileReference; lastKnownFileType = sourcecode.c.objc; path = ASIInputStream.m; sourceTree = "<group>"; };
		69383984159560A400A21CC5 /* ASINetworkQueue.h */ = {isa = PBXFileReference; lastKnownFileType = sourcecode.c.h; path = ASINetworkQueue.h; sourceTree = "<group>"; };
		69383985159560A400A21CC5 /* ASINetworkQueue.m */ = {isa = PBXFileReference; lastKnownFileType = sourcecode.c.objc; path = ASINetworkQueue.m; sourceTree = "<group>"; };
		69383986159560A400A21CC5 /* ASIProgressDelegate.h */ = {isa = PBXFileReference; lastKnownFileType = sourcecode.c.h; path = ASIProgressDelegate.h; sourceTree = "<group>"; };
		69383987159560B200A21CC5 /* Reachability.h */ = {isa = PBXFileReference; lastKnownFileType = sourcecode.c.h; path = Reachability.h; sourceTree = "<group>"; };
		69383988159560B200A21CC5 /* Reachability.m */ = {isa = PBXFileReference; lastKnownFileType = sourcecode.c.objc; path = Reachability.m; sourceTree = "<group>"; };
		69391A68158D756B000CA9D0 /* 512 Oak Street, San Francisco, CA.gpx */ = {isa = PBXFileReference; lastKnownFileType = text.xml; path = "512 Oak Street, San Francisco, CA.gpx"; sourceTree = "<group>"; };
		6956E3E715C5EFA5002E5FA2 /* LLClockView.h */ = {isa = PBXFileReference; fileEncoding = 4; lastKnownFileType = sourcecode.c.h; path = LLClockView.h; sourceTree = "<group>"; };
		6956E3E815C5EFA5002E5FA2 /* LLClockView.m */ = {isa = PBXFileReference; fileEncoding = 4; lastKnownFileType = sourcecode.c.objc; path = LLClockView.m; sourceTree = "<group>"; };
		6956E3EA15C78228002E5FA2 /* LLClockBigHand.h */ = {isa = PBXFileReference; fileEncoding = 4; lastKnownFileType = sourcecode.c.h; path = LLClockBigHand.h; sourceTree = "<group>"; };
		6956E3EB15C78228002E5FA2 /* LLClockBigHand.m */ = {isa = PBXFileReference; fileEncoding = 4; lastKnownFileType = sourcecode.c.objc; path = LLClockBigHand.m; sourceTree = "<group>"; };
		697C4705158E570B00CD91CD /* 200 Oak Street, San Francisco, CA.gpx */ = {isa = PBXFileReference; lastKnownFileType = text.xml; path = "200 Oak Street, San Francisco, CA.gpx"; sourceTree = "<group>"; };
		69882AEF15A40B0F00D4E013 /* CarmaSignInViewController.h */ = {isa = PBXFileReference; fileEncoding = 4; lastKnownFileType = sourcecode.c.h; path = CarmaSignInViewController.h; sourceTree = "<group>"; };
		69882AF015A40B0F00D4E013 /* CarmaSignInViewController.m */ = {isa = PBXFileReference; fileEncoding = 4; lastKnownFileType = sourcecode.c.objc; path = CarmaSignInViewController.m; sourceTree = "<group>"; };
		69882AFA15A427F400D4E013 /* NSString+MD5.h */ = {isa = PBXFileReference; fileEncoding = 4; lastKnownFileType = sourcecode.c.h; path = "NSString+MD5.h"; sourceTree = "<group>"; };
		69882AFB15A427F400D4E013 /* NSString+MD5.m */ = {isa = PBXFileReference; fileEncoding = 4; lastKnownFileType = sourcecode.c.objc; path = "NSString+MD5.m"; sourceTree = "<group>"; };
		69882AFD15A4372C00D4E013 /* nav_bar_clear@2x.png */ = {isa = PBXFileReference; lastKnownFileType = image.png; path = "nav_bar_clear@2x.png"; sourceTree = "<group>"; };
		69882AFF15A4380300D4E013 /* modal_background@2x.png */ = {isa = PBXFileReference; lastKnownFileType = image.png; path = "modal_background@2x.png"; sourceTree = "<group>"; };
		69882B0115A43C6100D4E013 /* carma_recessed@2x.png */ = {isa = PBXFileReference; lastKnownFileType = image.png; path = "carma_recessed@2x.png"; sourceTree = "<group>"; };
		69882B0315A4491100D4E013 /* nav_bar_green@2x.png */ = {isa = PBXFileReference; lastKnownFileType = image.png; path = "nav_bar_green@2x.png"; sourceTree = "<group>"; };
		69882B0615A4B85800D4E013 /* CarmaSignUpViewController.h */ = {isa = PBXFileReference; fileEncoding = 4; lastKnownFileType = sourcecode.c.h; path = CarmaSignUpViewController.h; sourceTree = "<group>"; };
		69882B0715A4B85800D4E013 /* CarmaSignUpViewController.m */ = {isa = PBXFileReference; fileEncoding = 4; lastKnownFileType = sourcecode.c.objc; path = CarmaSignUpViewController.m; sourceTree = "<group>"; };
		69882B0F15A4BF2E00D4E013 /* CarmaProfileBasicViewController.h */ = {isa = PBXFileReference; fileEncoding = 4; lastKnownFileType = sourcecode.c.h; path = CarmaProfileBasicViewController.h; sourceTree = "<group>"; };
		69882B1015A4BF2E00D4E013 /* CarmaProfileBasicViewController.m */ = {isa = PBXFileReference; fileEncoding = 4; lastKnownFileType = sourcecode.c.objc; path = CarmaProfileBasicViewController.m; sourceTree = "<group>"; };
		69882B1215A55F6800D4E013 /* CarmaProfileLocationViewController.h */ = {isa = PBXFileReference; fileEncoding = 4; lastKnownFileType = sourcecode.c.h; path = CarmaProfileLocationViewController.h; sourceTree = "<group>"; };
		69882B1315A55F6800D4E013 /* CarmaProfileLocationViewController.m */ = {isa = PBXFileReference; fileEncoding = 4; lastKnownFileType = sourcecode.c.objc; path = CarmaProfileLocationViewController.m; sourceTree = "<group>"; };
		69882B1B15A5781A00D4E013 /* LocationAnnotation.h */ = {isa = PBXFileReference; lastKnownFileType = sourcecode.c.h; path = LocationAnnotation.h; sourceTree = "<group>"; };
		69882B1C15A5781A00D4E013 /* LocationAnnotation.m */ = {isa = PBXFileReference; lastKnownFileType = sourcecode.c.objc; path = LocationAnnotation.m; sourceTree = "<group>"; };
		698FADA7157F169000AF3570 /* CarmaCalendarDayRolesViewController.h */ = {isa = PBXFileReference; fileEncoding = 4; lastKnownFileType = sourcecode.c.h; path = CarmaCalendarDayRolesViewController.h; sourceTree = "<group>"; };
		698FADA8157F169000AF3570 /* CarmaCalendarDayRolesViewController.m */ = {isa = PBXFileReference; fileEncoding = 4; lastKnownFileType = sourcecode.c.objc; path = CarmaCalendarDayRolesViewController.m; sourceTree = "<group>"; };
		698FADAB15805F8100AF3570 /* CarmaCalendarDayRoleCell.h */ = {isa = PBXFileReference; fileEncoding = 4; lastKnownFileType = sourcecode.c.h; path = CarmaCalendarDayRoleCell.h; sourceTree = "<group>"; };
		698FADAC15805F8100AF3570 /* CarmaCalendarDayRoleCell.m */ = {isa = PBXFileReference; fileEncoding = 4; lastKnownFileType = sourcecode.c.objc; path = CarmaCalendarDayRoleCell.m; sourceTree = "<group>"; };
		698FADB61581AE0D00AF3570 /* CarmaDriverLocationAnnotation.h */ = {isa = PBXFileReference; fileEncoding = 4; lastKnownFileType = sourcecode.c.h; path = CarmaDriverLocationAnnotation.h; sourceTree = "<group>"; };
		698FADB71581AE0D00AF3570 /* CarmaDriverLocationAnnotation.m */ = {isa = PBXFileReference; fileEncoding = 4; lastKnownFileType = sourcecode.c.objc; path = CarmaDriverLocationAnnotation.m; sourceTree = "<group>"; };
		698FADC11581C66800AF3570 /* AddressBook.framework */ = {isa = PBXFileReference; lastKnownFileType = wrapper.framework; name = AddressBook.framework; path = System/Library/Frameworks/AddressBook.framework; sourceTree = SDKROOT; };
		6991C4B715B3B37A00403730 /* CarmaPoolRotationSettingsViewController.h */ = {isa = PBXFileReference; fileEncoding = 4; lastKnownFileType = sourcecode.c.h; path = CarmaPoolRotationSettingsViewController.h; sourceTree = "<group>"; };
		6991C4B815B3B37A00403730 /* CarmaPoolRotationSettingsViewController.m */ = {isa = PBXFileReference; fileEncoding = 4; lastKnownFileType = sourcecode.c.objc; path = CarmaPoolRotationSettingsViewController.m; sourceTree = "<group>"; };
		6991C4BB15B3CBAC00403730 /* blueprint_background@2x.png */ = {isa = PBXFileReference; lastKnownFileType = image.png; path = "blueprint_background@2x.png"; sourceTree = "<group>"; };
		6991C4BD15B3D67F00403730 /* shuffle_icon@2x.png */ = {isa = PBXFileReference; lastKnownFileType = image.png; path = "shuffle_icon@2x.png"; sourceTree = "<group>"; };
		6991C4BF15B5154400403730 /* gingham_background@2x.png */ = {isa = PBXFileReference; lastKnownFileType = image.png; path = "gingham_background@2x.png"; sourceTree = "<group>"; };
		6991C4C115B5168300403730 /* gingham_background_dark@2x.png */ = {isa = PBXFileReference; lastKnownFileType = image.png; path = "gingham_background_dark@2x.png"; sourceTree = "<group>"; };
		6991C4C515B520A600403730 /* power_button_icon@2x.png */ = {isa = PBXFileReference; lastKnownFileType = image.png; path = "power_button_icon@2x.png"; sourceTree = "<group>"; };
		6991C4C715B670D600403730 /* gear_button_icon@2x.png */ = {isa = PBXFileReference; lastKnownFileType = image.png; path = "gear_button_icon@2x.png"; sourceTree = "<group>"; };
		6991C4C915B6719B00403730 /* user_button_icon@2x.png */ = {isa = PBXFileReference; lastKnownFileType = image.png; path = "user_button_icon@2x.png"; sourceTree = "<group>"; };
		6991C4CB15B6729C00403730 /* dashboard_button_icon@2x.png */ = {isa = PBXFileReference; lastKnownFileType = image.png; path = "dashboard_button_icon@2x.png"; sourceTree = "<group>"; };
		6991C4CC15B6729C00403730 /* path_button_icon@2x.png */ = {isa = PBXFileReference; lastKnownFileType = image.png; path = "path_button_icon@2x.png"; sourceTree = "<group>"; };
		6991C4CD15B6729C00403730 /* search_button_icon@2x.png */ = {isa = PBXFileReference; lastKnownFileType = image.png; path = "search_button_icon@2x.png"; sourceTree = "<group>"; };
		6991C4D115B675AB00403730 /* blueprint_background_dark@2x.png */ = {isa = PBXFileReference; lastKnownFileType = image.png; path = "blueprint_background_dark@2x.png"; sourceTree = "<group>"; };
		6991C4D315B679AE00403730 /* blueprint_background_normal@2x.png */ = {isa = PBXFileReference; lastKnownFileType = image.png; path = "blueprint_background_normal@2x.png"; sourceTree = "<group>"; };
		6991C4D515B79F1900403730 /* smooth_background_dark@2x.png */ = {isa = PBXFileReference; lastKnownFileType = image.png; path = "smooth_background_dark@2x.png"; sourceTree = "<group>"; };
		6991C4D715B79FEE00403730 /* smooth_background_light@2x.png */ = {isa = PBXFileReference; lastKnownFileType = image.png; path = "smooth_background_light@2x.png"; sourceTree = "<group>"; };
		6991C4D915B7AF5A00403730 /* CarmaProfilePhotoViewController.h */ = {isa = PBXFileReference; fileEncoding = 4; lastKnownFileType = sourcecode.c.h; path = CarmaProfilePhotoViewController.h; sourceTree = "<group>"; };
		6991C4DA15B7AF5A00403730 /* CarmaProfilePhotoViewController.m */ = {isa = PBXFileReference; fileEncoding = 4; lastKnownFileType = sourcecode.c.objc; path = CarmaProfilePhotoViewController.m; sourceTree = "<group>"; };
		6991C4DC15B7B1E800403730 /* id_icon@2x.png */ = {isa = PBXFileReference; lastKnownFileType = image.png; path = "id_icon@2x.png"; sourceTree = "<group>"; };
		6991C4DE15B7BDB100403730 /* smooth_background_normal@2x.png */ = {isa = PBXFileReference; lastKnownFileType = image.png; path = "smooth_background_normal@2x.png"; sourceTree = "<group>"; };
		6991C4E015B7C00700403730 /* id_icon_highlighted@2x.png */ = {isa = PBXFileReference; lastKnownFileType = image.png; path = "id_icon_highlighted@2x.png"; sourceTree = "<group>"; };
		6991C4EA15B8EB1400403730 /* blueprint_background_verylight@2x.png */ = {isa = PBXFileReference; lastKnownFileType = image.png; path = "blueprint_background_verylight@2x.png"; sourceTree = "<group>"; };
		6991C4EC15B8F1E600403730 /* home_button@2x.png */ = {isa = PBXFileReference; lastKnownFileType = image.png; path = "home_button@2x.png"; sourceTree = "<group>"; };
		6991C4EE15B902DD00403730 /* sun_icon@2x.png */ = {isa = PBXFileReference; lastKnownFileType = image.png; path = "sun_icon@2x.png"; sourceTree = "<group>"; };
		6991C4F015B9039300403730 /* moon_icon@2x.png */ = {isa = PBXFileReference; lastKnownFileType = image.png; path = "moon_icon@2x.png"; sourceTree = "<group>"; };
		6991C4F115B9039400403730 /* wheel_icon@2x.png */ = {isa = PBXFileReference; lastKnownFileType = image.png; path = "wheel_icon@2x.png"; sourceTree = "<group>"; };
		6991C4F215B9039400403730 /* work_icon@2x.png */ = {isa = PBXFileReference; lastKnownFileType = image.png; path = "work_icon@2x.png"; sourceTree = "<group>"; };
		6991C4F615B905CE00403730 /* moon_button@2x.png */ = {isa = PBXFileReference; lastKnownFileType = image.png; path = "moon_button@2x.png"; sourceTree = "<group>"; };
		6991C4F715B905CE00403730 /* sun_button@2x.png */ = {isa = PBXFileReference; lastKnownFileType = image.png; path = "sun_button@2x.png"; sourceTree = "<group>"; };
		6991C4F815B905CE00403730 /* wheel_button@2x.png */ = {isa = PBXFileReference; lastKnownFileType = image.png; path = "wheel_button@2x.png"; sourceTree = "<group>"; };
		6991C4F915B905CF00403730 /* work_button@2x.png */ = {isa = PBXFileReference; lastKnownFileType = image.png; path = "work_button@2x.png"; sourceTree = "<group>"; };
		6991C4FE15BA502F00403730 /* edit_button@2x.png */ = {isa = PBXFileReference; lastKnownFileType = image.png; path = "edit_button@2x.png"; sourceTree = "<group>"; };
		6991C50015BA576100403730 /* smooth_background_white@2x.png */ = {isa = PBXFileReference; lastKnownFileType = image.png; path = "smooth_background_white@2x.png"; sourceTree = "<group>"; };
		6991C50215BE4B3B00403730 /* CarmaProfileEditViewController.h */ = {isa = PBXFileReference; fileEncoding = 4; lastKnownFileType = sourcecode.c.h; path = CarmaProfileEditViewController.h; sourceTree = "<group>"; };
		6991C50315BE4B3D00403730 /* CarmaProfileEditViewController.m */ = {isa = PBXFileReference; fileEncoding = 4; lastKnownFileType = sourcecode.c.objc; path = CarmaProfileEditViewController.m; sourceTree = "<group>"; };
		69936BE81598251500CE08E5 /* divet_bottom@2x.png */ = {isa = PBXFileReference; lastKnownFileType = image.png; path = "divet_bottom@2x.png"; sourceTree = "<group>"; };
		69936BE91598251500CE08E5 /* divet_top@2x.png */ = {isa = PBXFileReference; lastKnownFileType = image.png; path = "divet_top@2x.png"; sourceTree = "<group>"; };
		699467ED15CE187700F0F523 /* LLClockLittleHand.h */ = {isa = PBXFileReference; fileEncoding = 4; lastKnownFileType = sourcecode.c.h; path = LLClockLittleHand.h; sourceTree = "<group>"; };
		699467EE15CE187700F0F523 /* LLClockLittleHand.m */ = {isa = PBXFileReference; fileEncoding = 4; lastKnownFileType = sourcecode.c.objc; path = LLClockLittleHand.m; sourceTree = "<group>"; };
		699467F115CE1ADB00F0F523 /* CarmaProfileTimeViewController.h */ = {isa = PBXFileReference; fileEncoding = 4; lastKnownFileType = sourcecode.c.h; path = CarmaProfileTimeViewController.h; sourceTree = "<group>"; };
		699467F215CE1ADB00F0F523 /* CarmaProfileTimeViewController.m */ = {isa = PBXFileReference; fileEncoding = 4; lastKnownFileType = sourcecode.c.objc; path = CarmaProfileTimeViewController.m; sourceTree = "<group>"; };
		699467F615CF76E900F0F523 /* LLClockFace@2x.png */ = {isa = PBXFileReference; lastKnownFileType = image.png; path = "LLClockFace@2x.png"; sourceTree = "<group>"; };
		69A1A9AF15695775005C90FF /* Carma.app */ = {isa = PBXFileReference; explicitFileType = wrapper.application; includeInIndex = 0; path = Carma.app; sourceTree = BUILT_PRODUCTS_DIR; };
		69A1A9B315695775005C90FF /* UIKit.framework */ = {isa = PBXFileReference; lastKnownFileType = wrapper.framework; name = UIKit.framework; path = System/Library/Frameworks/UIKit.framework; sourceTree = SDKROOT; };
		69A1A9B515695775005C90FF /* Foundation.framework */ = {isa = PBXFileReference; lastKnownFileType = wrapper.framework; name = Foundation.framework; path = System/Library/Frameworks/Foundation.framework; sourceTree = SDKROOT; };
		69A1A9B715695775005C90FF /* CoreGraphics.framework */ = {isa = PBXFileReference; lastKnownFileType = wrapper.framework; name = CoreGraphics.framework; path = System/Library/Frameworks/CoreGraphics.framework; sourceTree = SDKROOT; };
		69A1A9BB15695775005C90FF /* Carma-Info.plist */ = {isa = PBXFileReference; lastKnownFileType = text.plist.xml; path = "Carma-Info.plist"; sourceTree = "<group>"; };
		69A1A9BD15695775005C90FF /* en */ = {isa = PBXFileReference; lastKnownFileType = text.plist.strings; name = en; path = en.lproj/InfoPlist.strings; sourceTree = "<group>"; };
		69A1A9BF15695775005C90FF /* main.m */ = {isa = PBXFileReference; lastKnownFileType = sourcecode.c.objc; path = main.m; sourceTree = "<group>"; };
		69A1A9C115695775005C90FF /* Carma-Prefix.pch */ = {isa = PBXFileReference; lastKnownFileType = sourcecode.c.h; path = "Carma-Prefix.pch"; sourceTree = "<group>"; };
		69A1A9C215695775005C90FF /* AppDelegate.h */ = {isa = PBXFileReference; lastKnownFileType = sourcecode.c.h; path = AppDelegate.h; sourceTree = "<group>"; };
		69A1A9C315695775005C90FF /* AppDelegate.m */ = {isa = PBXFileReference; lastKnownFileType = sourcecode.c.objc; path = AppDelegate.m; sourceTree = "<group>"; };
		69A1A9D21569597A005C90FF /* CACalendarViewController.h */ = {isa = PBXFileReference; fileEncoding = 4; lastKnownFileType = sourcecode.c.h; path = CACalendarViewController.h; sourceTree = "<group>"; };
		69A1A9D31569597A005C90FF /* CACalendarViewController.m */ = {isa = PBXFileReference; fileEncoding = 4; lastKnownFileType = sourcecode.c.objc; path = CACalendarViewController.m; sourceTree = "<group>"; };
		69B3DAD115A6470B00420285 /* CarmaSearchViewController.h */ = {isa = PBXFileReference; fileEncoding = 4; lastKnownFileType = sourcecode.c.h; path = CarmaSearchViewController.h; sourceTree = "<group>"; };
		69B3DAD215A6470B00420285 /* CarmaSearchViewController.m */ = {isa = PBXFileReference; fileEncoding = 4; lastKnownFileType = sourcecode.c.objc; path = CarmaSearchViewController.m; sourceTree = "<group>"; };
		69B3DAD515A6868000420285 /* CarmaUserViewController.h */ = {isa = PBXFileReference; fileEncoding = 4; lastKnownFileType = sourcecode.c.h; path = CarmaUserViewController.h; sourceTree = "<group>"; };
		69B3DAD615A6868000420285 /* CarmaUserViewController.m */ = {isa = PBXFileReference; fileEncoding = 4; lastKnownFileType = sourcecode.c.objc; path = CarmaUserViewController.m; sourceTree = "<group>"; };
		69B3DAD815A6891400420285 /* CarmaUserProfileCell.h */ = {isa = PBXFileReference; fileEncoding = 4; lastKnownFileType = sourcecode.c.h; path = CarmaUserProfileCell.h; sourceTree = "<group>"; };
		69B3DAD915A6891400420285 /* CarmaUserProfileCell.m */ = {isa = PBXFileReference; fileEncoding = 4; lastKnownFileType = sourcecode.c.objc; path = CarmaUserProfileCell.m; sourceTree = "<group>"; };
		69B3DADB15A6BA0200420285 /* home_icon.png */ = {isa = PBXFileReference; lastKnownFileType = image.png; path = home_icon.png; sourceTree = "<group>"; };
		69B3DADD15A6C28300420285 /* home_icon@2x.png */ = {isa = PBXFileReference; lastKnownFileType = image.png; path = "home_icon@2x.png"; sourceTree = "<group>"; };
		69B3DAE715A6CA2900420285 /* profile_icon@2x.png */ = {isa = PBXFileReference; lastKnownFileType = image.png; path = "profile_icon@2x.png"; sourceTree = "<group>"; };
		69B3DAEC15A9323300420285 /* CarmaPool.h */ = {isa = PBXFileReference; fileEncoding = 4; lastKnownFileType = sourcecode.c.h; path = CarmaPool.h; sourceTree = "<group>"; };
		69B3DAED15A9323300420285 /* CarmaPool.m */ = {isa = PBXFileReference; fileEncoding = 4; lastKnownFileType = sourcecode.c.objc; path = CarmaPool.m; sourceTree = "<group>"; };
		69B3DAEF15A97A7600420285 /* dashboard_icon@2x.png */ = {isa = PBXFileReference; lastKnownFileType = image.png; path = "dashboard_icon@2x.png"; sourceTree = "<group>"; };
		69B3DAF115A97B9700420285 /* path_icon@2x.png */ = {isa = PBXFileReference; lastKnownFileType = image.png; path = "path_icon@2x.png"; sourceTree = "<group>"; };
		69B3DAF315A97BF300420285 /* search_icon@2x.png */ = {isa = PBXFileReference; lastKnownFileType = image.png; path = "search_icon@2x.png"; sourceTree = "<group>"; };
		69B3DAF515A97C6E00420285 /* power_icon@2x.png */ = {isa = PBXFileReference; lastKnownFileType = image.png; path = "power_icon@2x.png"; sourceTree = "<group>"; };
		69B3DAF715A97D0300420285 /* user_icon@2x.png */ = {isa = PBXFileReference; lastKnownFileType = image.png; path = "user_icon@2x.png"; sourceTree = "<group>"; };
		69B3DB0B15AA093E00420285 /* QuartzCore.framework */ = {isa = PBXFileReference; lastKnownFileType = wrapper.framework; name = QuartzCore.framework; path = System/Library/Frameworks/QuartzCore.framework; sourceTree = SDKROOT; };
		69B3DB1A15AA6C8200420285 /* mini_profile@2x.png */ = {isa = PBXFileReference; lastKnownFileType = image.png; path = "mini_profile@2x.png"; sourceTree = "<group>"; };
		69B3DB1C15AA6EBC00420285 /* CarmaSettingsViewController.h */ = {isa = PBXFileReference; fileEncoding = 4; lastKnownFileType = sourcecode.c.h; path = CarmaSettingsViewController.h; sourceTree = "<group>"; };
		69B3DB1D15AA6EBD00420285 /* CarmaSettingsViewController.m */ = {isa = PBXFileReference; fileEncoding = 4; lastKnownFileType = sourcecode.c.objc; path = CarmaSettingsViewController.m; sourceTree = "<group>"; };
		69B3DB1F15AA723900420285 /* gear_icon@2x.png */ = {isa = PBXFileReference; lastKnownFileType = image.png; path = "gear_icon@2x.png"; sourceTree = "<group>"; };
		69B8E03915695CCB00DCA52B /* LLDataDownloader.h */ = {isa = PBXFileReference; lastKnownFileType = sourcecode.c.h; path = LLDataDownloader.h; sourceTree = "<group>"; };
		69B8E03A15695CCB00DCA52B /* LLDataDownloader.m */ = {isa = PBXFileReference; lastKnownFileType = sourcecode.c.objc; path = LLDataDownloader.m; sourceTree = "<group>"; };
		69B8E03E1569614700DCA52B /* JSON.h */ = {isa = PBXFileReference; lastKnownFileType = sourcecode.c.h; path = JSON.h; sourceTree = "<group>"; };
		69B8E03F1569614700DCA52B /* NSObject+SBJSON.h */ = {isa = PBXFileReference; lastKnownFileType = sourcecode.c.h; path = "NSObject+SBJSON.h"; sourceTree = "<group>"; };
		69B8E0401569614700DCA52B /* NSObject+SBJSON.m */ = {isa = PBXFileReference; lastKnownFileType = sourcecode.c.objc; path = "NSObject+SBJSON.m"; sourceTree = "<group>"; };
		69B8E0411569614700DCA52B /* NSString+SBJSON.h */ = {isa = PBXFileReference; lastKnownFileType = sourcecode.c.h; path = "NSString+SBJSON.h"; sourceTree = "<group>"; };
		69B8E0421569614700DCA52B /* NSString+SBJSON.m */ = {isa = PBXFileReference; lastKnownFileType = sourcecode.c.objc; path = "NSString+SBJSON.m"; sourceTree = "<group>"; };
		69B8E0431569614700DCA52B /* SBJSON.h */ = {isa = PBXFileReference; lastKnownFileType = sourcecode.c.h; path = SBJSON.h; sourceTree = "<group>"; };
		69B8E0441569614700DCA52B /* SBJSON.m */ = {isa = PBXFileReference; lastKnownFileType = sourcecode.c.objc; path = SBJSON.m; sourceTree = "<group>"; };
		69B8E0451569614700DCA52B /* SBJsonBase.h */ = {isa = PBXFileReference; lastKnownFileType = sourcecode.c.h; path = SBJsonBase.h; sourceTree = "<group>"; };
		69B8E0461569614700DCA52B /* SBJsonBase.m */ = {isa = PBXFileReference; lastKnownFileType = sourcecode.c.objc; path = SBJsonBase.m; sourceTree = "<group>"; };
		69B8E0471569614700DCA52B /* SBJsonParser.h */ = {isa = PBXFileReference; lastKnownFileType = sourcecode.c.h; path = SBJsonParser.h; sourceTree = "<group>"; };
		69B8E0481569614700DCA52B /* SBJsonParser.m */ = {isa = PBXFileReference; lastKnownFileType = sourcecode.c.objc; path = SBJsonParser.m; sourceTree = "<group>"; };
		69B8E0491569614700DCA52B /* SBJsonWriter.h */ = {isa = PBXFileReference; lastKnownFileType = sourcecode.c.h; path = SBJsonWriter.h; sourceTree = "<group>"; };
		69B8E04A1569614700DCA52B /* SBJsonWriter.m */ = {isa = PBXFileReference; lastKnownFileType = sourcecode.c.objc; path = SBJsonWriter.m; sourceTree = "<group>"; };
		69B8E054156964CC00DCA52B /* CarmaDay.h */ = {isa = PBXFileReference; fileEncoding = 4; lastKnownFileType = sourcecode.c.h; path = CarmaDay.h; sourceTree = "<group>"; };
		69B8E055156964CC00DCA52B /* CarmaDay.m */ = {isa = PBXFileReference; fileEncoding = 4; lastKnownFileType = sourcecode.c.objc; path = CarmaDay.m; sourceTree = "<group>"; };
		69B8E0601569843A00DCA52B /* CarmaCalendarDayCellCell.h */ = {isa = PBXFileReference; fileEncoding = 4; lastKnownFileType = sourcecode.c.h; path = CarmaCalendarDayCellCell.h; sourceTree = "<group>"; };
		69B8E0611569843A00DCA52B /* CarmaCalendarDayCellCell.m */ = {isa = PBXFileReference; fileEncoding = 4; lastKnownFileType = sourcecode.c.objc; path = CarmaCalendarDayCellCell.m; sourceTree = "<group>"; };
		69B8E0661569DAF300DCA52B /* user_placeholder@2x.png */ = {isa = PBXFileReference; lastKnownFileType = image.png; path = "user_placeholder@2x.png"; sourceTree = "<group>"; };
		69B8E0681569EA1200DCA52B /* CarmaDriver.h */ = {isa = PBXFileReference; fileEncoding = 4; lastKnownFileType = sourcecode.c.h; path = CarmaDriver.h; sourceTree = "<group>"; };
		69B8E0691569EA1200DCA52B /* CarmaDriver.m */ = {isa = PBXFileReference; fileEncoding = 4; lastKnownFileType = sourcecode.c.objc; path = CarmaDriver.m; sourceTree = "<group>"; };
		69B8E06B156A0A9C00DCA52B /* day_off@2x.png */ = {isa = PBXFileReference; lastKnownFileType = image.png; path = "day_off@2x.png"; sourceTree = "<group>"; };
		69B8E06D156B3EB900DCA52B /* CarmaCalendarViewController.h */ = {isa = PBXFileReference; fileEncoding = 4; lastKnownFileType = sourcecode.c.h; path = CarmaCalendarViewController.h; sourceTree = "<group>"; };
		69B8E06E156B3EB900DCA52B /* CarmaCalendarViewController.m */ = {isa = PBXFileReference; fileEncoding = 4; lastKnownFileType = sourcecode.c.objc; path = CarmaCalendarViewController.m; sourceTree = "<group>"; };
		69B8E078156B510600DCA52B /* CarmaCalendarDayView.h */ = {isa = PBXFileReference; fileEncoding = 4; lastKnownFileType = sourcecode.c.h; path = CarmaCalendarDayView.h; sourceTree = "<group>"; };
		69B8E079156B510600DCA52B /* CarmaCalendarDayView.m */ = {isa = PBXFileReference; fileEncoding = 4; lastKnownFileType = sourcecode.c.objc; path = CarmaCalendarDayView.m; sourceTree = "<group>"; };
		69B8E07E156B669600DCA52B /* CarmaCalendarDayView.xib */ = {isa = PBXFileReference; fileEncoding = 4; lastKnownFileType = file.xib; path = CarmaCalendarDayView.xib; sourceTree = "<group>"; };
		69B8E085156CA0E900DCA52B /* carma_logo_selected.png */ = {isa = PBXFileReference; lastKnownFileType = image.png; path = carma_logo_selected.png; sourceTree = "<group>"; };
		69B8E087156CBBE700DCA52B /* nav_bar_title@2x.png */ = {isa = PBXFileReference; lastKnownFileType = image.png; path = "nav_bar_title@2x.png"; sourceTree = "<group>"; };
		69B8E089156CC06C00DCA52B /* carma_title@2x.png */ = {isa = PBXFileReference; lastKnownFileType = image.png; path = "carma_title@2x.png"; sourceTree = "<group>"; };
		69B8E08B156CC1FB00DCA52B /* today_icon@2x.png */ = {isa = PBXFileReference; lastKnownFileType = image.png; path = "today_icon@2x.png"; sourceTree = "<group>"; };
		69B8E08D156DF22600DCA52B /* nav_button@2x.png */ = {isa = PBXFileReference; lastKnownFileType = image.png; path = "nav_button@2x.png"; sourceTree = "<group>"; };
		69B8E091156DF7BA00DCA52B /* nav_button_pressed@2x.png */ = {isa = PBXFileReference; lastKnownFileType = image.png; path = "nav_button_pressed@2x.png"; sourceTree = "<group>"; };
		69B8E093156E0AE200DCA52B /* MapKit.framework */ = {isa = PBXFileReference; lastKnownFileType = wrapper.framework; name = MapKit.framework; path = System/Library/Frameworks/MapKit.framework; sourceTree = SDKROOT; };
		69BC2F9815A60B960025A571 /* CarmaNavigationViewController.h */ = {isa = PBXFileReference; fileEncoding = 4; lastKnownFileType = sourcecode.c.h; path = CarmaNavigationViewController.h; sourceTree = "<group>"; };
		69BC2F9915A60B960025A571 /* CarmaNavigationViewController.m */ = {isa = PBXFileReference; fileEncoding = 4; lastKnownFileType = sourcecode.c.objc; path = CarmaNavigationViewController.m; sourceTree = "<group>"; };
		69C63828156E0D6800702E4D /* CoreLocation.framework */ = {isa = PBXFileReference; lastKnownFileType = wrapper.framework; name = CoreLocation.framework; path = System/Library/Frameworks/CoreLocation.framework; sourceTree = SDKROOT; };
		69C6382B156E101A00702E4D /* nav_button_clear@2x.png */ = {isa = PBXFileReference; lastKnownFileType = image.png; path = "nav_button_clear@2x.png"; sourceTree = "<group>"; };
		69C6382D156E1B8600702E4D /* grip@2x.png */ = {isa = PBXFileReference; lastKnownFileType = image.png; path = "grip@2x.png"; sourceTree = "<group>"; };
		69C6382F156E20A400702E4D /* LLSwipePanel.h */ = {isa = PBXFileReference; fileEncoding = 4; lastKnownFileType = sourcecode.c.h; path = LLSwipePanel.h; sourceTree = "<group>"; };
		69C63830156E20A400702E4D /* LLSwipePanel.m */ = {isa = PBXFileReference; fileEncoding = 4; lastKnownFileType = sourcecode.c.objc; path = LLSwipePanel.m; sourceTree = "<group>"; };
		69C63832156F4A3300702E4D /* CarmaCalendarView.h */ = {isa = PBXFileReference; fileEncoding = 4; lastKnownFileType = sourcecode.c.h; path = CarmaCalendarView.h; sourceTree = "<group>"; };
		69C63833156F4A3300702E4D /* CarmaCalendarView.m */ = {isa = PBXFileReference; fileEncoding = 4; lastKnownFileType = sourcecode.c.objc; path = CarmaCalendarView.m; sourceTree = "<group>"; };
		69C63835156F5B0E00702E4D /* upper_bar_shadow@2x.png */ = {isa = PBXFileReference; lastKnownFileType = image.png; path = "upper_bar_shadow@2x.png"; sourceTree = "<group>"; };
		69C63837156F647300702E4D /* CarmaMapView.h */ = {isa = PBXFileReference; fileEncoding = 4; lastKnownFileType = sourcecode.c.h; path = CarmaMapView.h; sourceTree = "<group>"; };
		69C63838156F647300702E4D /* CarmaMapView.m */ = {isa = PBXFileReference; fileEncoding = 4; lastKnownFileType = sourcecode.c.objc; path = CarmaMapView.m; sourceTree = "<group>"; };
		69C6383C15714ECF00702E4D /* CarmaRootViewController.h */ = {isa = PBXFileReference; fileEncoding = 4; lastKnownFileType = sourcecode.c.h; path = CarmaRootViewController.h; sourceTree = "<group>"; };
		69C6383D15714ECF00702E4D /* CarmaRootViewController.m */ = {isa = PBXFileReference; fileEncoding = 4; lastKnownFileType = sourcecode.c.objc; path = CarmaRootViewController.m; sourceTree = "<group>"; };
		69C6383F1571755D00702E4D /* nav_bar@2x.png */ = {isa = PBXFileReference; lastKnownFileType = image.png; path = "nav_bar@2x.png"; sourceTree = "<group>"; };
		69C63841157183C100702E4D /* list_icon@2x.png */ = {isa = PBXFileReference; lastKnownFileType = image.png; path = "list_icon@2x.png"; sourceTree = "<group>"; };
		69C638431571973300702E4D /* CarmaCalendarDayCell.h */ = {isa = PBXFileReference; fileEncoding = 4; lastKnownFileType = sourcecode.c.h; path = CarmaCalendarDayCell.h; sourceTree = "<group>"; };
		69C638441571973300702E4D /* CarmaCalendarDayCell.m */ = {isa = PBXFileReference; fileEncoding = 4; lastKnownFileType = sourcecode.c.objc; path = CarmaCalendarDayCell.m; sourceTree = "<group>"; };
		69C6384615719AD900702E4D /* CarmaCalendarDayCell.xib */ = {isa = PBXFileReference; fileEncoding = 4; lastKnownFileType = file.xib; path = CarmaCalendarDayCell.xib; sourceTree = "<group>"; };
		69C6384B157201AC00702E4D /* left_panel_shadow@2x.png */ = {isa = PBXFileReference; lastKnownFileType = image.png; path = "left_panel_shadow@2x.png"; sourceTree = "<group>"; };
		69C6384D1572021A00702E4D /* right_panel_shadow@2x.png */ = {isa = PBXFileReference; lastKnownFileType = image.png; path = "right_panel_shadow@2x.png"; sourceTree = "<group>"; };
		69C638531572B27E00702E4D /* CarmaCalendarDayDetailViewController.h */ = {isa = PBXFileReference; fileEncoding = 4; lastKnownFileType = sourcecode.c.h; path = CarmaCalendarDayDetailViewController.h; sourceTree = "<group>"; };
		69C638541572B27E00702E4D /* CarmaCalendarDayDetailViewController.m */ = {isa = PBXFileReference; fileEncoding = 4; lastKnownFileType = sourcecode.c.objc; path = CarmaCalendarDayDetailViewController.m; sourceTree = "<group>"; };
		69C638561573F27500702E4D /* nav_button_back@2x.png */ = {isa = PBXFileReference; lastKnownFileType = image.png; path = "nav_button_back@2x.png"; sourceTree = "<group>"; };
		69C638581573FE2D00702E4D /* nav_button_back_pressed@2x.png */ = {isa = PBXFileReference; lastKnownFileType = image.png; path = "nav_button_back_pressed@2x.png"; sourceTree = "<group>"; };
		69C6385C15749DC900702E4D /* icon@2x.png */ = {isa = PBXFileReference; lastKnownFileType = image.png; path = "icon@2x.png"; sourceTree = "<group>"; };
		69C6385E15749EF000702E4D /* icon.png */ = {isa = PBXFileReference; lastKnownFileType = image.png; path = icon.png; sourceTree = "<group>"; };
/* End PBXFileReference section */

/* Begin PBXFrameworksBuildPhase section */
		69A1A9AC15695775005C90FF /* Frameworks */ = {
			isa = PBXFrameworksBuildPhase;
			buildActionMask = 2147483647;
			files = (
				69B3DB0C15AA093F00420285 /* QuartzCore.framework in Frameworks */,
				698FADC21581C66800AF3570 /* AddressBook.framework in Frameworks */,
				69C63829156E0D6800702E4D /* CoreLocation.framework in Frameworks */,
				69B8E094156E0AE200DCA52B /* MapKit.framework in Frameworks */,
				69A1A9B415695775005C90FF /* UIKit.framework in Frameworks */,
				69A1A9B615695775005C90FF /* Foundation.framework in Frameworks */,
				69A1A9B815695775005C90FF /* CoreGraphics.framework in Frameworks */,
			);
			runOnlyForDeploymentPostprocessing = 0;
		};
/* End PBXFrameworksBuildPhase section */

/* Begin PBXGroup section */
		693839721595607E00A21CC5 /* ASIHTTPRequest */ = {
			isa = PBXGroup;
			children = (
				69383987159560B200A21CC5 /* Reachability.h */,
				69383988159560B200A21CC5 /* Reachability.m */,
				69383973159560A400A21CC5 /* ASIAuthenticationDialog.h */,
				69383974159560A400A21CC5 /* ASIAuthenticationDialog.m */,
				69383975159560A400A21CC5 /* ASICacheDelegate.h */,
				69383976159560A400A21CC5 /* ASIDataCompressor.h */,
				69383977159560A400A21CC5 /* ASIDataCompressor.m */,
				69383978159560A400A21CC5 /* ASIDataDecompressor.h */,
				69383979159560A400A21CC5 /* ASIDataDecompressor.m */,
				6938397A159560A400A21CC5 /* ASIDownloadCache.h */,
				6938397B159560A400A21CC5 /* ASIDownloadCache.m */,
				6938397C159560A400A21CC5 /* ASIFormDataRequest.h */,
				6938397D159560A400A21CC5 /* ASIFormDataRequest.m */,
				6938397E159560A400A21CC5 /* ASIHTTPRequest.h */,
				6938397F159560A400A21CC5 /* ASIHTTPRequest.m */,
				69383980159560A400A21CC5 /* ASIHTTPRequestConfig.h */,
				69383981159560A400A21CC5 /* ASIHTTPRequestDelegate.h */,
				69383982159560A400A21CC5 /* ASIInputStream.h */,
				69383983159560A400A21CC5 /* ASIInputStream.m */,
				69383984159560A400A21CC5 /* ASINetworkQueue.h */,
				69383985159560A400A21CC5 /* ASINetworkQueue.m */,
				69383986159560A400A21CC5 /* ASIProgressDelegate.h */,
			);
			name = ASIHTTPRequest;
			path = ..;
			sourceTree = "<group>";
		};
		69391A66158D7504000CA9D0 /* Resources */ = {
			isa = PBXGroup;
			children = (
			);
			name = Resources;
			sourceTree = "<group>";
		};
		69882B0515A4B7D000D4E013 /* Sign In View Controllers */ = {
			isa = PBXGroup;
			children = (
				69882AEF15A40B0F00D4E013 /* CarmaSignInViewController.h */,
				69882AF015A40B0F00D4E013 /* CarmaSignInViewController.m */,
				69882B0615A4B85800D4E013 /* CarmaSignUpViewController.h */,
				69882B0715A4B85800D4E013 /* CarmaSignUpViewController.m */,
				69882B0F15A4BF2E00D4E013 /* CarmaProfileBasicViewController.h */,
				69882B1015A4BF2E00D4E013 /* CarmaProfileBasicViewController.m */,
				6991C4D915B7AF5A00403730 /* CarmaProfilePhotoViewController.h */,
				6991C4DA15B7AF5A00403730 /* CarmaProfilePhotoViewController.m */,
				69882B1215A55F6800D4E013 /* CarmaProfileLocationViewController.h */,
				69882B1315A55F6800D4E013 /* CarmaProfileLocationViewController.m */,
				699467F115CE1ADB00F0F523 /* CarmaProfileTimeViewController.h */,
				699467F215CE1ADB00F0F523 /* CarmaProfileTimeViewController.m */,
			);
			name = "Sign In View Controllers";
			sourceTree = "<group>";
		};
		69A1A9A415695775005C90FF = {
			isa = PBXGroup;
			children = (
				69B3DB0B15AA093E00420285 /* QuartzCore.framework */,
				697C4705158E570B00CD91CD /* 200 Oak Street, San Francisco, CA.gpx */,
				69391A68158D756B000CA9D0 /* 512 Oak Street, San Francisco, CA.gpx */,
				69C6385E15749EF000702E4D /* icon.png */,
				69C6385C15749DC900702E4D /* icon@2x.png */,
				69A1A9B915695775005C90FF /* Carma */,
				69B8E0651569D64200DCA52B /* Images */,
				69A1A9B215695775005C90FF /* Frameworks */,
				69A1A9B015695775005C90FF /* Products */,
				69391A66158D7504000CA9D0 /* Resources */,
			);
			sourceTree = "<group>";
		};
		69A1A9B015695775005C90FF /* Products */ = {
			isa = PBXGroup;
			children = (
				69A1A9AF15695775005C90FF /* Carma.app */,
			);
			name = Products;
			sourceTree = "<group>";
		};
		69A1A9B215695775005C90FF /* Frameworks */ = {
			isa = PBXGroup;
			children = (
				698FADC11581C66800AF3570 /* AddressBook.framework */,
				69C63828156E0D6800702E4D /* CoreLocation.framework */,
				69B8E093156E0AE200DCA52B /* MapKit.framework */,
				69A1A9B315695775005C90FF /* UIKit.framework */,
				69A1A9B515695775005C90FF /* Foundation.framework */,
				69A1A9B715695775005C90FF /* CoreGraphics.framework */,
			);
			name = Frameworks;
			sourceTree = "<group>";
		};
		69A1A9B915695775005C90FF /* Carma */ = {
			isa = PBXGroup;
			children = (
				69A1A9C215695775005C90FF /* AppDelegate.h */,
				69A1A9C315695775005C90FF /* AppDelegate.m */,
				69C6383B1571459E00702E4D /* Views */,
				69B8E0511569638900DCA52B /* View Controllers */,
				69B8E052156963AC00DCA52B /* Models */,
				69B8E053156963B700DCA52B /* Utilities */,
				69C6383A1571457400702E4D /* Unused Classes */,
				69A1A9BA15695775005C90FF /* Supporting Files */,
			);
			path = Carma;
			sourceTree = "<group>";
		};
		69A1A9BA15695775005C90FF /* Supporting Files */ = {
			isa = PBXGroup;
			children = (
				69A1A9BB15695775005C90FF /* Carma-Info.plist */,
				69A1A9BC15695775005C90FF /* InfoPlist.strings */,
				69A1A9BF15695775005C90FF /* main.m */,
				69A1A9C115695775005C90FF /* Carma-Prefix.pch */,
			);
			name = "Supporting Files";
			sourceTree = "<group>";
		};
		69B8E03D1569613800DCA52B /* JSON */ = {
			isa = PBXGroup;
			children = (
				69B8E03E1569614700DCA52B /* JSON.h */,
				69B8E03F1569614700DCA52B /* NSObject+SBJSON.h */,
				69B8E0401569614700DCA52B /* NSObject+SBJSON.m */,
				69B8E0411569614700DCA52B /* NSString+SBJSON.h */,
				69B8E0421569614700DCA52B /* NSString+SBJSON.m */,
				69B8E0431569614700DCA52B /* SBJSON.h */,
				69B8E0441569614700DCA52B /* SBJSON.m */,
				69B8E0451569614700DCA52B /* SBJsonBase.h */,
				69B8E0461569614700DCA52B /* SBJsonBase.m */,
				69B8E0471569614700DCA52B /* SBJsonParser.h */,
				69B8E0481569614700DCA52B /* SBJsonParser.m */,
				69B8E0491569614700DCA52B /* SBJsonWriter.h */,
				69B8E04A1569614700DCA52B /* SBJsonWriter.m */,
			);
			name = JSON;
			sourceTree = "<group>";
		};
		69B8E0511569638900DCA52B /* View Controllers */ = {
			isa = PBXGroup;
			children = (
				69C6383C15714ECF00702E4D /* CarmaRootViewController.h */,
				69C6383D15714ECF00702E4D /* CarmaRootViewController.m */,
				69BC2F9815A60B960025A571 /* CarmaNavigationViewController.h */,
				69BC2F9915A60B960025A571 /* CarmaNavigationViewController.m */,
				69B3DAD515A6868000420285 /* CarmaUserViewController.h */,
				69B3DAD615A6868000420285 /* CarmaUserViewController.m */,
				6991C50215BE4B3B00403730 /* CarmaProfileEditViewController.h */,
				6991C50315BE4B3D00403730 /* CarmaProfileEditViewController.m */,
				69B8E06D156B3EB900DCA52B /* CarmaCalendarViewController.h */,
				69B8E06E156B3EB900DCA52B /* CarmaCalendarViewController.m */,
				69B3DAD115A6470B00420285 /* CarmaSearchViewController.h */,
				69B3DAD215A6470B00420285 /* CarmaSearchViewController.m */,
				69B3DB1C15AA6EBC00420285 /* CarmaSettingsViewController.h */,
				69B3DB1D15AA6EBD00420285 /* CarmaSettingsViewController.m */,
				6991C4B715B3B37A00403730 /* CarmaPoolRotationSettingsViewController.h */,
				6991C4B815B3B37A00403730 /* CarmaPoolRotationSettingsViewController.m */,
				69C638531572B27E00702E4D /* CarmaCalendarDayDetailViewController.h */,
				69C638541572B27E00702E4D /* CarmaCalendarDayDetailViewController.m */,
				698FADA7157F169000AF3570 /* CarmaCalendarDayRolesViewController.h */,
				698FADA8157F169000AF3570 /* CarmaCalendarDayRolesViewController.m */,
				69882B0515A4B7D000D4E013 /* Sign In View Controllers */,
				6956E3E715C5EFA5002E5FA2 /* LLClockView.h */,
				6956E3E815C5EFA5002E5FA2 /* LLClockView.m */,
				6956E3EA15C78228002E5FA2 /* LLClockBigHand.h */,
				6956E3EB15C78228002E5FA2 /* LLClockBigHand.m */,
				699467ED15CE187700F0F523 /* LLClockLittleHand.h */,
				699467EE15CE187700F0F523 /* LLClockLittleHand.m */,
			);
			name = "View Controllers";
			sourceTree = "<group>";
		};
		69B8E052156963AC00DCA52B /* Models */ = {
			isa = PBXGroup;
			children = (
				69B8E054156964CC00DCA52B /* CarmaDay.h */,
				69B8E055156964CC00DCA52B /* CarmaDay.m */,
				69B8E0681569EA1200DCA52B /* CarmaDriver.h */,
				69B8E0691569EA1200DCA52B /* CarmaDriver.m */,
				69B3DAEC15A9323300420285 /* CarmaPool.h */,
				69B3DAED15A9323300420285 /* CarmaPool.m */,
				69882B1B15A5781A00D4E013 /* LocationAnnotation.h */,
				69882B1C15A5781A00D4E013 /* LocationAnnotation.m */,
				698FADB61581AE0D00AF3570 /* CarmaDriverLocationAnnotation.h */,
				698FADB71581AE0D00AF3570 /* CarmaDriverLocationAnnotation.m */,
			);
			name = Models;
			sourceTree = "<group>";
		};
		69B8E053156963B700DCA52B /* Utilities */ = {
			isa = PBXGroup;
			children = (
				693839721595607E00A21CC5 /* ASIHTTPRequest */,
				69B8E03915695CCB00DCA52B /* LLDataDownloader.h */,
				69B8E03A15695CCB00DCA52B /* LLDataDownloader.m */,
				69B8E03D1569613800DCA52B /* JSON */,
				69882AFA15A427F400D4E013 /* NSString+MD5.h */,
				69882AFB15A427F400D4E013 /* NSString+MD5.m */,
			);
			name = Utilities;
			sourceTree = "<group>";
		};
		69B8E0651569D64200DCA52B /* Images */ = {
			isa = PBXGroup;
			children = (
				699467F615CF76E900F0F523 /* LLClockFace@2x.png */,
				6991C50015BA576100403730 /* smooth_background_white@2x.png */,
				6991C4FE15BA502F00403730 /* edit_button@2x.png */,
				6991C4F615B905CE00403730 /* moon_button@2x.png */,
				6991C4F715B905CE00403730 /* sun_button@2x.png */,
				6991C4F815B905CE00403730 /* wheel_button@2x.png */,
				6991C4F915B905CF00403730 /* work_button@2x.png */,
				6991C4F015B9039300403730 /* moon_icon@2x.png */,
				6991C4F115B9039400403730 /* wheel_icon@2x.png */,
				6991C4F215B9039400403730 /* work_icon@2x.png */,
				6991C4EE15B902DD00403730 /* sun_icon@2x.png */,
				6991C4EC15B8F1E600403730 /* home_button@2x.png */,
				6991C4EA15B8EB1400403730 /* blueprint_background_verylight@2x.png */,
				6991C4E015B7C00700403730 /* id_icon_highlighted@2x.png */,
				6991C4DE15B7BDB100403730 /* smooth_background_normal@2x.png */,
				6991C4DC15B7B1E800403730 /* id_icon@2x.png */,
				6991C4D715B79FEE00403730 /* smooth_background_light@2x.png */,
				6991C4D515B79F1900403730 /* smooth_background_dark@2x.png */,
				6991C4D315B679AE00403730 /* blueprint_background_normal@2x.png */,
				6991C4D115B675AB00403730 /* blueprint_background_dark@2x.png */,
				6991C4CB15B6729C00403730 /* dashboard_button_icon@2x.png */,
				6991C4CC15B6729C00403730 /* path_button_icon@2x.png */,
				6991C4CD15B6729C00403730 /* search_button_icon@2x.png */,
				6991C4C915B6719B00403730 /* user_button_icon@2x.png */,
				6991C4C715B670D600403730 /* gear_button_icon@2x.png */,
				6991C4C515B520A600403730 /* power_button_icon@2x.png */,
				6991C4C115B5168300403730 /* gingham_background_dark@2x.png */,
				6991C4BF15B5154400403730 /* gingham_background@2x.png */,
				6991C4BD15B3D67F00403730 /* shuffle_icon@2x.png */,
				6991C4BB15B3CBAC00403730 /* blueprint_background@2x.png */,
				69B3DB1F15AA723900420285 /* gear_icon@2x.png */,
				69B3DB1A15AA6C8200420285 /* mini_profile@2x.png */,
				69B3DAF715A97D0300420285 /* user_icon@2x.png */,
				69B3DAF515A97C6E00420285 /* power_icon@2x.png */,
				69B3DAF315A97BF300420285 /* search_icon@2x.png */,
				69B3DAF115A97B9700420285 /* path_icon@2x.png */,
				69B3DAEF15A97A7600420285 /* dashboard_icon@2x.png */,
				69B3DAE715A6CA2900420285 /* profile_icon@2x.png */,
				69B3DADD15A6C28300420285 /* home_icon@2x.png */,
				69B3DADB15A6BA0200420285 /* home_icon.png */,
				69882B0315A4491100D4E013 /* nav_bar_green@2x.png */,
				69882B0115A43C6100D4E013 /* carma_recessed@2x.png */,
				69882AFF15A4380300D4E013 /* modal_background@2x.png */,
				69882AFD15A4372C00D4E013 /* nav_bar_clear@2x.png */,
				69936BE81598251500CE08E5 /* divet_bottom@2x.png */,
				69936BE91598251500CE08E5 /* divet_top@2x.png */,
				69C638581573FE2D00702E4D /* nav_button_back_pressed@2x.png */,
				69C638561573F27500702E4D /* nav_button_back@2x.png */,
				69C6384D1572021A00702E4D /* right_panel_shadow@2x.png */,
				69C6384B157201AC00702E4D /* left_panel_shadow@2x.png */,
				69C63841157183C100702E4D /* list_icon@2x.png */,
				69C6383F1571755D00702E4D /* nav_bar@2x.png */,
				69C63835156F5B0E00702E4D /* upper_bar_shadow@2x.png */,
				69C6382D156E1B8600702E4D /* grip@2x.png */,
				69C6382B156E101A00702E4D /* nav_button_clear@2x.png */,
				69B8E091156DF7BA00DCA52B /* nav_button_pressed@2x.png */,
				69B8E08D156DF22600DCA52B /* nav_button@2x.png */,
				69B8E08B156CC1FB00DCA52B /* today_icon@2x.png */,
				69B8E089156CC06C00DCA52B /* carma_title@2x.png */,
				69B8E087156CBBE700DCA52B /* nav_bar_title@2x.png */,
				69B8E06B156A0A9C00DCA52B /* day_off@2x.png */,
				69B8E085156CA0E900DCA52B /* carma_logo_selected.png */,
				69B8E0661569DAF300DCA52B /* user_placeholder@2x.png */,
			);
			name = Images;
			path = Carma;
			sourceTree = "<group>";
		};
		69C6383A1571457400702E4D /* Unused Classes */ = {
			isa = PBXGroup;
			children = (
				69C63837156F647300702E4D /* CarmaMapView.h */,
				69C63838156F647300702E4D /* CarmaMapView.m */,
				69B8E078156B510600DCA52B /* CarmaCalendarDayView.h */,
				69B8E079156B510600DCA52B /* CarmaCalendarDayView.m */,
				69B8E0601569843A00DCA52B /* CarmaCalendarDayCellCell.h */,
				69B8E0611569843A00DCA52B /* CarmaCalendarDayCellCell.m */,
				69A1A9D21569597A005C90FF /* CACalendarViewController.h */,
				69A1A9D31569597A005C90FF /* CACalendarViewController.m */,
			);
			name = "Unused Classes";
			sourceTree = "<group>";
		};
		69C6383B1571459E00702E4D /* Views */ = {
			isa = PBXGroup;
			children = (
				69C6382F156E20A400702E4D /* LLSwipePanel.h */,
				69C63830156E20A400702E4D /* LLSwipePanel.m */,
				69C63832156F4A3300702E4D /* CarmaCalendarView.h */,
				69C63833156F4A3300702E4D /* CarmaCalendarView.m */,
				69B8E07E156B669600DCA52B /* CarmaCalendarDayView.xib */,
				69C638431571973300702E4D /* CarmaCalendarDayCell.h */,
				69C638441571973300702E4D /* CarmaCalendarDayCell.m */,
				69C6384615719AD900702E4D /* CarmaCalendarDayCell.xib */,
				698FADAB15805F8100AF3570 /* CarmaCalendarDayRoleCell.h */,
				698FADAC15805F8100AF3570 /* CarmaCalendarDayRoleCell.m */,
				69B3DAD815A6891400420285 /* CarmaUserProfileCell.h */,
				69B3DAD915A6891400420285 /* CarmaUserProfileCell.m */,
			);
			name = Views;
			sourceTree = "<group>";
		};
/* End PBXGroup section */

/* Begin PBXNativeTarget section */
		69A1A9AE15695775005C90FF /* Carma */ = {
			isa = PBXNativeTarget;
			buildConfigurationList = 69A1A9C715695775005C90FF /* Build configuration list for PBXNativeTarget "Carma" */;
			buildPhases = (
				69A1A9AB15695775005C90FF /* Sources */,
				69A1A9AC15695775005C90FF /* Frameworks */,
				69A1A9AD15695775005C90FF /* Resources */,
			);
			buildRules = (
			);
			dependencies = (
			);
			name = Carma;
			productName = Carma;
			productReference = 69A1A9AF15695775005C90FF /* Carma.app */;
			productType = "com.apple.product-type.application";
		};
/* End PBXNativeTarget section */

/* Begin PBXProject section */
		69A1A9A615695775005C90FF /* Project object */ = {
			isa = PBXProject;
			attributes = {
				LastUpgradeCheck = 0430;
				ORGANIZATIONNAME = "Lubin Labs";
			};
			buildConfigurationList = 69A1A9A915695775005C90FF /* Build configuration list for PBXProject "Carma" */;
			compatibilityVersion = "Xcode 3.2";
			developmentRegion = English;
			hasScannedForEncodings = 0;
			knownRegions = (
				en,
			);
			mainGroup = 69A1A9A415695775005C90FF;
			productRefGroup = 69A1A9B015695775005C90FF /* Products */;
			projectDirPath = "";
			projectRoot = "";
			targets = (
				69A1A9AE15695775005C90FF /* Carma */,
			);
		};
/* End PBXProject section */

/* Begin PBXResourcesBuildPhase section */
		69A1A9AD15695775005C90FF /* Resources */ = {
			isa = PBXResourcesBuildPhase;
			buildActionMask = 2147483647;
			files = (
				69A1A9BE15695775005C90FF /* InfoPlist.strings in Resources */,
				69B8E0671569DAF300DCA52B /* user_placeholder@2x.png in Resources */,
				69B8E06C156A0A9C00DCA52B /* day_off@2x.png in Resources */,
				69B8E07F156B669700DCA52B /* CarmaCalendarDayView.xib in Resources */,
				69B8E086156CA0E900DCA52B /* carma_logo_selected.png in Resources */,
				69B8E088156CBBE700DCA52B /* nav_bar_title@2x.png in Resources */,
				69B8E08A156CC06C00DCA52B /* carma_title@2x.png in Resources */,
				69B8E08C156CC1FB00DCA52B /* today_icon@2x.png in Resources */,
				69B8E08E156DF22600DCA52B /* nav_button@2x.png in Resources */,
				69B8E092156DF7BB00DCA52B /* nav_button_pressed@2x.png in Resources */,
				69C6382C156E101A00702E4D /* nav_button_clear@2x.png in Resources */,
				69C6382E156E1B8600702E4D /* grip@2x.png in Resources */,
				69C63836156F5B0E00702E4D /* upper_bar_shadow@2x.png in Resources */,
				69C638401571755D00702E4D /* nav_bar@2x.png in Resources */,
				69C63842157183C100702E4D /* list_icon@2x.png in Resources */,
				69C6384715719AD900702E4D /* CarmaCalendarDayCell.xib in Resources */,
				69C6384C157201AC00702E4D /* left_panel_shadow@2x.png in Resources */,
				69C6384E1572021A00702E4D /* right_panel_shadow@2x.png in Resources */,
				69C638571573F27500702E4D /* nav_button_back@2x.png in Resources */,
				69C638591573FE2E00702E4D /* nav_button_back_pressed@2x.png in Resources */,
				69C6385D15749DCA00702E4D /* icon@2x.png in Resources */,
				69C6385F15749EF000702E4D /* icon.png in Resources */,
				69936BEA1598251500CE08E5 /* divet_bottom@2x.png in Resources */,
				69936BEB1598251500CE08E5 /* divet_top@2x.png in Resources */,
				69882AFE15A4372C00D4E013 /* nav_bar_clear@2x.png in Resources */,
				69882B0015A4380300D4E013 /* modal_background@2x.png in Resources */,
				69882B0215A43C6100D4E013 /* carma_recessed@2x.png in Resources */,
				69882B0415A4491100D4E013 /* nav_bar_green@2x.png in Resources */,
				69B3DADC15A6BA0200420285 /* home_icon.png in Resources */,
				69B3DADF15A6C28400420285 /* home_icon@2x.png in Resources */,
				69B3DAE815A6CA2900420285 /* profile_icon@2x.png in Resources */,
				69B3DAF015A97A7600420285 /* dashboard_icon@2x.png in Resources */,
				69B3DAF215A97B9800420285 /* path_icon@2x.png in Resources */,
				69B3DAF415A97BF300420285 /* search_icon@2x.png in Resources */,
				69B3DAF615A97C6E00420285 /* power_icon@2x.png in Resources */,
				69B3DAF815A97D0300420285 /* user_icon@2x.png in Resources */,
				69B3DB1B15AA6C8200420285 /* mini_profile@2x.png in Resources */,
				69B3DB2015AA723900420285 /* gear_icon@2x.png in Resources */,
				6991C4BC15B3CBAC00403730 /* blueprint_background@2x.png in Resources */,
				6991C4BE15B3D67F00403730 /* shuffle_icon@2x.png in Resources */,
				6991C4C015B5154400403730 /* gingham_background@2x.png in Resources */,
				6991C4C215B5168300403730 /* gingham_background_dark@2x.png in Resources */,
				6991C4C615B520A600403730 /* power_button_icon@2x.png in Resources */,
				6991C4C815B670D600403730 /* gear_button_icon@2x.png in Resources */,
				6991C4CA15B6719B00403730 /* user_button_icon@2x.png in Resources */,
				6991C4CE15B6729C00403730 /* dashboard_button_icon@2x.png in Resources */,
				6991C4CF15B6729C00403730 /* path_button_icon@2x.png in Resources */,
				6991C4D015B6729C00403730 /* search_button_icon@2x.png in Resources */,
				6991C4D215B675AB00403730 /* blueprint_background_dark@2x.png in Resources */,
				6991C4D415B679AE00403730 /* blueprint_background_normal@2x.png in Resources */,
				6991C4D615B79F1900403730 /* smooth_background_dark@2x.png in Resources */,
				6991C4D815B79FEE00403730 /* smooth_background_light@2x.png in Resources */,
				6991C4DD15B7B1E800403730 /* id_icon@2x.png in Resources */,
				6991C4DF15B7BDB100403730 /* smooth_background_normal@2x.png in Resources */,
				6991C4E115B7C00700403730 /* id_icon_highlighted@2x.png in Resources */,
				6991C4EB15B8EB1400403730 /* blueprint_background_verylight@2x.png in Resources */,
				6991C4ED15B8F1E600403730 /* home_button@2x.png in Resources */,
				6991C4EF15B902DD00403730 /* sun_icon@2x.png in Resources */,
				6991C4F315B9039400403730 /* moon_icon@2x.png in Resources */,
				6991C4F415B9039400403730 /* wheel_icon@2x.png in Resources */,
				6991C4F515B9039400403730 /* work_icon@2x.png in Resources */,
				6991C4FA15B905CF00403730 /* moon_button@2x.png in Resources */,
				6991C4FB15B905CF00403730 /* sun_button@2x.png in Resources */,
				6991C4FC15B905CF00403730 /* wheel_button@2x.png in Resources */,
				6991C4FD15B905CF00403730 /* work_button@2x.png in Resources */,
				6991C4FF15BA502F00403730 /* edit_button@2x.png in Resources */,
				6991C50115BA576100403730 /* smooth_background_white@2x.png in Resources */,
				699467F715CF76E900F0F523 /* LLClockFace@2x.png in Resources */,
			);
			runOnlyForDeploymentPostprocessing = 0;
		};
/* End PBXResourcesBuildPhase section */

/* Begin PBXSourcesBuildPhase section */
		69A1A9AB15695775005C90FF /* Sources */ = {
			isa = PBXSourcesBuildPhase;
			buildActionMask = 2147483647;
			files = (
				69B3DB1715AA1B3900420285 /* LocationAnnotation.m in Sources */,
				69B8E04B156961F000DCA52B /* NSObject+SBJSON.m in Sources */,
				69B8E04C156961F000DCA52B /* NSString+SBJSON.m in Sources */,
				69B8E04D156961F000DCA52B /* SBJSON.m in Sources */,
				69B8E04E156961F000DCA52B /* SBJsonBase.m in Sources */,
				69B8E04F156961F000DCA52B /* SBJsonParser.m in Sources */,
				69B8E050156961F000DCA52B /* SBJsonWriter.m in Sources */,
				69A1A9C015695775005C90FF /* main.m in Sources */,
				69A1A9C415695775005C90FF /* AppDelegate.m in Sources */,
				69A1A9D41569597A005C90FF /* CACalendarViewController.m in Sources */,
				69B8E03C156960EF00DCA52B /* LLDataDownloader.m in Sources */,
				69B8E056156964CC00DCA52B /* CarmaDay.m in Sources */,
				69B8E0621569843A00DCA52B /* CarmaCalendarDayCellCell.m in Sources */,
				69B8E06A1569EA1200DCA52B /* CarmaDriver.m in Sources */,
				69B8E06F156B3EB900DCA52B /* CarmaCalendarViewController.m in Sources */,
				69B8E07A156B510600DCA52B /* CarmaCalendarDayView.m in Sources */,
				69C63831156E20A400702E4D /* LLSwipePanel.m in Sources */,
				69C63834156F4A3300702E4D /* CarmaCalendarView.m in Sources */,
				69C63839156F647300702E4D /* CarmaMapView.m in Sources */,
				69C6383E15714ECF00702E4D /* CarmaRootViewController.m in Sources */,
				69C638451571973300702E4D /* CarmaCalendarDayCell.m in Sources */,
				69C638551572B27E00702E4D /* CarmaCalendarDayDetailViewController.m in Sources */,
				698FADA9157F169000AF3570 /* CarmaCalendarDayRolesViewController.m in Sources */,
				698FADAD15805F8100AF3570 /* CarmaCalendarDayRoleCell.m in Sources */,
				698FADB81581AE0D00AF3570 /* CarmaDriverLocationAnnotation.m in Sources */,
				69882AF115A40B0F00D4E013 /* CarmaSignInViewController.m in Sources */,
				69882AFC15A427F400D4E013 /* NSString+MD5.m in Sources */,
				69882B0815A4B85800D4E013 /* CarmaSignUpViewController.m in Sources */,
				69882B1115A4BF2E00D4E013 /* CarmaProfileBasicViewController.m in Sources */,
				69882B1415A55F6800D4E013 /* CarmaProfileLocationViewController.m in Sources */,
				69BC2F9A15A60B960025A571 /* CarmaNavigationViewController.m in Sources */,
				69B3DAD315A6470B00420285 /* CarmaSearchViewController.m in Sources */,
				69B3DAD715A6868000420285 /* CarmaUserViewController.m in Sources */,
				69B3DADA15A6891400420285 /* CarmaUserProfileCell.m in Sources */,
				69B3DAEE15A9323300420285 /* CarmaPool.m in Sources */,
				69B3DB1E15AA6EBE00420285 /* CarmaSettingsViewController.m in Sources */,
				6991C4B915B3B37A00403730 /* CarmaPoolRotationSettingsViewController.m in Sources */,
				6991C4DB15B7AF5B00403730 /* CarmaProfilePhotoViewController.m in Sources */,
				6991C50415BE4B3E00403730 /* CarmaProfileEditViewController.m in Sources */,
				6956E3E915C5EFA5002E5FA2 /* LLClockView.m in Sources */,
				6956E3EC15C78228002E5FA2 /* LLClockBigHand.m in Sources */,
				699467EF15CE187700F0F523 /* LLClockLittleHand.m in Sources */,
				699467F315CE1ADB00F0F523 /* CarmaProfileTimeViewController.m in Sources */,
			);
			runOnlyForDeploymentPostprocessing = 0;
		};
/* End PBXSourcesBuildPhase section */

/* Begin PBXVariantGroup section */
		69A1A9BC15695775005C90FF /* InfoPlist.strings */ = {
			isa = PBXVariantGroup;
			children = (
				69A1A9BD15695775005C90FF /* en */,
			);
			name = InfoPlist.strings;
			sourceTree = "<group>";
		};
/* End PBXVariantGroup section */

/* Begin XCBuildConfiguration section */
		69A1A9C515695775005C90FF /* Debug */ = {
			isa = XCBuildConfiguration;
			buildSettings = {
				ALWAYS_SEARCH_USER_PATHS = NO;
				ARCHS = "$(ARCHS_STANDARD_32_BIT)";
				CLANG_ENABLE_OBJC_ARC = YES;
				"CODE_SIGN_IDENTITY[sdk=iphoneos*]" = "iPhone Developer: Jeremy Lubin (GCG78PZSMX)";
				COPY_PHASE_STRIP = NO;
				GCC_C_LANGUAGE_STANDARD = gnu99;
				GCC_DYNAMIC_NO_PIC = NO;
				GCC_OPTIMIZATION_LEVEL = 0;
				GCC_PREPROCESSOR_DEFINITIONS = (
					"DEBUG=1",
					"$(inherited)",
				);
				GCC_SYMBOLS_PRIVATE_EXTERN = NO;
				GCC_VERSION = com.apple.compilers.llvm.clang.1_0;
				GCC_WARN_ABOUT_RETURN_TYPE = YES;
				GCC_WARN_UNINITIALIZED_AUTOS = YES;
				GCC_WARN_UNUSED_VARIABLE = YES;
				IPHONEOS_DEPLOYMENT_TARGET = 5.0;
				"PROVISIONING_PROFILE[sdk=iphoneos*]" = "98783506-6B3B-463C-B7D3-196C9D79E809";
				SDKROOT = iphoneos;
			};
			name = Debug;
		};
		69A1A9C615695775005C90FF /* Release */ = {
			isa = XCBuildConfiguration;
			buildSettings = {
				ALWAYS_SEARCH_USER_PATHS = NO;
				ARCHS = "$(ARCHS_STANDARD_32_BIT)";
				CLANG_ENABLE_OBJC_ARC = YES;
				"CODE_SIGN_IDENTITY[sdk=iphoneos*]" = "iPhone Developer";
				COPY_PHASE_STRIP = YES;
				GCC_C_LANGUAGE_STANDARD = gnu99;
				GCC_VERSION = com.apple.compilers.llvm.clang.1_0;
				GCC_WARN_ABOUT_RETURN_TYPE = YES;
				GCC_WARN_UNINITIALIZED_AUTOS = YES;
				GCC_WARN_UNUSED_VARIABLE = YES;
				IPHONEOS_DEPLOYMENT_TARGET = 5.0;
				OTHER_CFLAGS = "-DNS_BLOCK_ASSERTIONS=1";
				SDKROOT = iphoneos;
				VALIDATE_PRODUCT = YES;
			};
			name = Release;
		};
		69A1A9C815695775005C90FF /* Debug */ = {
			isa = XCBuildConfiguration;
			buildSettings = {
				GCC_PRECOMPILE_PREFIX_HEADER = YES;
				GCC_PREFIX_HEADER = "Carma/Carma-Prefix.pch";
				INFOPLIST_FILE = "Carma/Carma-Info.plist";
				IPHONEOS_DEPLOYMENT_TARGET = 5.0;
				PRODUCT_NAME = "$(TARGET_NAME)";
				WRAPPER_EXTENSION = app;
			};
			name = Debug;
		};
		69A1A9C915695775005C90FF /* Release */ = {
			isa = XCBuildConfiguration;
			buildSettings = {
				GCC_PRECOMPILE_PREFIX_HEADER = YES;
				GCC_PREFIX_HEADER = "Carma/Carma-Prefix.pch";
				INFOPLIST_FILE = "Carma/Carma-Info.plist";
				IPHONEOS_DEPLOYMENT_TARGET = 5.0;
				PRODUCT_NAME = "$(TARGET_NAME)";
				WRAPPER_EXTENSION = app;
			};
			name = Release;
		};
/* End XCBuildConfiguration section */

/* Begin XCConfigurationList section */
		69A1A9A915695775005C90FF /* Build configuration list for PBXProject "Carma" */ = {
			isa = XCConfigurationList;
			buildConfigurations = (
				69A1A9C515695775005C90FF /* Debug */,
				69A1A9C615695775005C90FF /* Release */,
			);
			defaultConfigurationIsVisible = 0;
			defaultConfigurationName = Release;
		};
		69A1A9C715695775005C90FF /* Build configuration list for PBXNativeTarget "Carma" */ = {
			isa = XCConfigurationList;
			buildConfigurations = (
				69A1A9C815695775005C90FF /* Debug */,
				69A1A9C915695775005C90FF /* Release */,
			);
			defaultConfigurationIsVisible = 0;
			defaultConfigurationName = Release;
		};
/* End XCConfigurationList section */
	};
	rootObject = 69A1A9A615695775005C90FF /* Project object */;
}
